{"SurveyEntry":{"SurveyID":"SV_aVtxE1H9oBvttYy","SurveyName":"COL s2.4_01217_0002","SurveyDescription":null,"SurveyOwnerID":"UR_3maoxNRv1rAdi1n","SurveyBrandID":"uarizona","DivisionID":"DV_dakO5pYThJADIu9","SurveyLanguage":"ES","SurveyActiveResponseSet":"RS_b3dHhqrGTKeC6Gi","SurveyStatus":"Active","SurveyStartDate":"0000-00-00 00:00:00","SurveyExpirationDate":"0000-00-00 00:00:00","SurveyCreationDate":"2021-03-06 19:23:02","CreatorID":"UR_3maoxNRv1rAdi1n","LastModified":"2021-09-13 00:03:18","LastAccessed":"0000-00-00 00:00:00","LastActivated":"2021-03-07 12:18:53","Deleted":null},"SurveyElements":[{"SurveyID":"SV_aVtxE1H9oBvttYy","Element":"BL","PrimaryAttribute":"Survey Blocks","SecondaryAttribute":null,"TertiaryAttribute":null,"Payload":{"1":{"Type":"Trash","Description":"Trash \/ Unused Questions","ID":"BL_e4BpcsYsmJx5wj3","BlockElements":[],"Options":{"BlockLocking":"false","RandomizeQuestions":"false","BlockVisibility":"Expanded"}},"3":{"Type":"Standard","SubType":"","Description":"Location","ID":"BL_eJ59FggYzFuBxJz","BlockElements":[{"Type":"Question","QuestionID":"QID5"}],"Options":{"BlockLocking":"false","RandomizeQuestions":"false","BlockVisibility":"Expanded"}},"5":{"Type":"Standard","SubType":"","Description":"Actors","ID":"BL_8HqVjon2jVyVIlT","BlockElements":[{"Type":"Question","QuestionID":"QID62"},{"Type":"Page Break"},{"Type":"Question","QuestionID":"QID8"}],"Options":{"BlockLocking":"false","RandomizeQuestions":"false","BlockVisibility":"Expanded"}},"21":{"Type":"Standard","SubType":"","Description":"Questions","ID":"BL_9uHrl5fUlit5lch","BlockElements":[{"Type":"Question","QuestionID":"QID61"},{"Type":"Page Break"},{"Type":"Question","QuestionID":"QID88"},{"Type":"Page Break"},{"Type":"Question","QuestionID":"QID27"},{"Type":"Page Break"},{"Type":"Question","QuestionID":"QID86"},{"Type":"Page Break"},{"Type":"Question","QuestionID":"QID92"},{"Type":"Page Break"},{"Type":"Question","QuestionID":"QID63"},{"Type":"Page Break"},{"Type":"Question","QuestionID":"QID25"},{"Type":"Page Break"},{"Type":"Question","QuestionID":"QID51"},{"Type":"Page Break"},{"Type":"Question","QuestionID":"QID64"},{"Type":"Page Break"},{"Type":"Question","QuestionID":"QID26"},{"Type":"Page Break"},{"Type":"Question","QuestionID":"QID59"},{"Type":"Page Break"},{"Type":"Question","QuestionID":"QID65"},{"Type":"Page Break"},{"Type":"Question","QuestionID":"QID52"},{"Type":"Page Break"},{"Type":"Question","QuestionID":"QID56"},{"Type":"Page Break"},{"Type":"Question","QuestionID":"QID66"},{"Type":"Page Break"},{"Type":"Question","QuestionID":"QID29"},{"Type":"Page Break"},{"Type":"Question","QuestionID":"QID67"},{"Type":"Page Break"},{"Type":"Question","QuestionID":"QID30"},{"Type":"Page Break"},{"Type":"Question","QuestionID":"QID69"},{"Type":"Page Break"},{"Type":"Question","QuestionID":"QID68"},{"Type":"Page Break"},{"Type":"Question","QuestionID":"QID73"},{"Type":"Page Break"},{"Type":"Question","QuestionID":"QID81"},{"Type":"Page Break"},{"Type":"Question","QuestionID":"QID93"},{"Type":"Page Break"},{"Type":"Question","QuestionID":"QID76"},{"Type":"Page Break"},{"Type":"Question","QuestionID":"QID82"},{"Type":"Page Break"},{"Type":"Question","QuestionID":"QID74"}],"Options":{"BlockLocking":false,"RandomizeQuestions":"false","BlockVisibility":"Expanded","Looping":"Question","LoopingOptions":{"Locator":"q:\/\/QID8\/ChoiceGroup\/SelectedChoices","QID":"QID8","ChoiceGroupLocator":"q:\/\/QID8\/ChoiceGroup\/SelectedChoices","Static":{"1":{"2":"","3":"","4":"","5":"","6":"","7":"","8":"","9":"","10":"","11":"","12":"","13":"","14":"","15":"","16":"","17":"","18":"","19":"","20":""},"21":{"2":"","3":"","4":"","5":"","6":"","7":"","8":"","9":"","10":"","11":"","12":"","13":"","14":"","15":"","16":"","17":"","18":"","19":"","20":""},"22":{"2":"","3":"","4":"","5":"","6":"","7":"","8":"","9":"","10":"","11":"","12":"","13":"","14":"","15":"","16":"","17":"","18":"","19":"","20":""},"23":{"2":"","3":"","4":"","5":"","6":"","7":"","8":"","9":"","10":"","11":"","12":"","13":"","14":"","15":"","16":"","17":"","18":"","19":"","20":""},"24":{"2":"","3":"","4":"","5":"","6":"","7":"","8":"","9":"","10":"","11":"","12":"","13":"","14":"","15":"","16":"","17":"","18":"","19":"","20":""},"25":{"2":"","3":"","4":"","5":"","6":"","7":"","8":"","9":"","10":"","11":"","12":"","13":"","14":"","15":"","16":"","17":"","18":"","19":"","20":""},"26":{"2":"","3":"","4":"","5":"","6":"","7":"","8":"","9":"","10":"","11":"","12":"","13":"","14":"","15":"","16":"","17":"","18":"","19":"","20":""},"27":{"2":"","3":"","4":"","5":"","6":"","7":"","8":"","9":"","10":"","11":"","12":"","13":"","14":"","15":"","16":"","17":"","18":"","19":"","20":""},"28":{"2":"","3":"","4":"","5":"","6":"","7":"","8":"","9":"","10":"","11":"","12":"","13":"","14":"","15":"","16":"","17":"","18":"","19":"","20":""},"29":{"2":"","3":"","4":"","5":"","6":"","7":"","8":"","9":"","10":"","11":"","12":"","13":"","14":"","15":"","16":"","17":"","18":"","19":"","20":""},"30":{"2":"","3":"","4":"","5":"","6":"","7":"","8":"","9":"","10":"","11":"","12":"","13":"","14":"","15":"","16":"","17":"","18":"","19":"","20":""},"31":{"2":"","3":"","4":"","5":"","6":"","7":"","8":"","9":"","10":"","11":"","12":"","13":"","14":"","15":"","16":"","17":"","18":"","19":"","20":""},"32":{"2":"","3":"","4":"","5":"","6":"","7":"","8":"","9":"","10":"","11":"","12":"","13":"","14":"","15":"","16":"","17":"","18":"","19":"","20":""},"33":{"2":"","3":"","4":"","5":"","6":"","7":"","8":"","9":"","10":"","11":"","12":"","13":"","14":"","15":"","16":"","17":"","18":"","19":"","20":""},"34":{"2":"","3":"","4":"","5":"","6":"","7":"","8":"","9":"","10":"","11":"","12":"","13":"","14":"","15":"","16":"","17":"","18":"","19":"","20":""},"35":{"2":"","3":"","4":"","5":"","6":"","7":"","8":"","9":"","10":"","11":"","12":"","13":"","14":"","15":"","16":"","17":"","18":"","19":"","20":""},"36":{"2":"","3":"","4":"","5":"","6":"","7":"","8":"","9":"","10":"","11":"","12":"","13":"","14":"","15":"","16":"","17":"","18":"","19":"","20":""},"37":{"2":"","3":"","4":"","5":"","6":"","7":"","8":"","9":"","10":"","11":"","12":"","13":"","14":"","15":"","16":"","17":"","18":"","19":"","20":""},"38":{"2":"","3":"","4":"","5":"","6":"","7":"","8":"","9":"","10":"","11":"","12":"","13":"","14":"","15":"","16":"","17":"","18":"","19":"","20":""},"39":{"2":"","3":"","4":"","5":"","6":"","7":"","8":"","9":"","10":"","11":"","12":"","13":"","14":"","15":"","16":"","17":"","18":"","19":"","20":""},"40":{"2":"","3":"","4":"","5":"","6":"","7":"","8":"","9":"","10":"","11":"","12":"","13":"","14":"","15":"","16":"","17":"","18":"","19":"","20":""},"41":{"2":"","3":"","4":"","5":"","6":"","7":"","8":"","9":"","10":"","11":"","12":"","13":"","14":"","15":"","16":"","17":"","18":"","19":"","20":""},"84":{"2":"","3":"","4":"","5":"","6":"","7":"","8":"","9":"","10":"","11":"","12":"","13":"","14":"","15":"","16":"","17":"","18":"","19":"","20":""},"85":{"2":"","3":"","4":"","5":"","6":"","7":"","8":"","9":"","10":"","11":"","12":"","13":"","14":"","15":"","16":"","17":"","18":"","19":"","20":""},"86":{"2":"","3":"","4":"","5":"","6":"","7":"","8":"","9":"","10":"","11":"","12":"","13":"","14":"","15":"","16":"","17":"","18":"","19":"","20":""},"87":{"2":"","3":"","4":"","5":"","6":"","7":"","8":"","9":"","10":"","11":"","12":"","13":"","14":"","15":"","16":"","17":"","18":"","19":"","20":""},"88":{"2":"","3":"","4":"","5":"","6":"","7":"","8":"","9":"","10":"","11":"","12":"","13":"","14":"","15":"","16":"","17":"","18":"","19":"","20":""},"89":{"2":"","3":"","4":"","5":"","6":"","7":"","8":"","9":"","10":"","11":"","12":"","13":"","14":"","15":"","16":"","17":"","18":"","19":"","20":""},"90":{"2":"","3":"","4":"","5":"","6":"","7":"","8":"","9":"","10":"","11":"","12":"","13":"","14":"","15":"","16":"","17":"","18":"","19":"","20":""},"91":{"2":"","3":"","4":"","5":"","6":"","7":"","8":"","9":"","10":"","11":"","12":"","13":"","14":"","15":"","16":"","17":"","18":"","19":"","20":""},"92":{"2":"","3":"","4":"","5":"","6":"","7":"","8":"","9":"","10":"","11":"","12":"","13":"","14":"","15":"","16":"","17":"","18":"","19":"","20":""},"93":{"2":"","3":"","4":"","5":"","6":"","7":"","8":"","9":"","10":"","11":"","12":"","13":"","14":"","15":"","16":"","17":"","18":"","19":"","20":""},"94":{"2":"","3":"","4":"","5":"","6":"","7":"","8":"","9":"","10":"","11":"","12":"","13":"","14":"","15":"","16":"","17":"","18":"","19":"","20":""},"95":{"2":"","3":"","4":"","5":"","6":"","7":"","8":"","9":"","10":"","11":"","12":"","13":"","14":"","15":"","16":"","17":"","18":"","19":"","20":""},"96":{"2":"","3":"","4":"","5":"","6":"","7":"","8":"","9":"","10":"","11":"","12":"","13":"","14":"","15":"","16":"","17":"","18":"","19":"","20":""},"97":{"2":"","3":"","4":"","5":"","6":"","7":"","8":"","9":"","10":"","11":"","12":"","13":"","14":"","15":"","16":"","17":"","18":"","19":"","20":""},"98":{"2":"","3":"","4":"","5":"","6":"","7":"","8":"","9":"","10":"","11":"","12":"","13":"","14":"","15":"","16":"","17":"","18":"","19":"","20":""},"99":{"2":"","3":"","4":"","5":"","6":"","7":"","8":"","9":"","10":"","11":"","12":"","13":"","14":"","15":"","16":"","17":"","18":"","19":"","20":""}},"Randomization":"None"}}},"22":{"Type":"Standard","SubType":"","Description":"End","ID":"BL_29SNClPD02YcDE9","Options":{"BlockLocking":"false","RandomizeQuestions":"false","BlockVisibility":"Expanded"},"BlockElements":[{"Type":"Question","QuestionID":"QID75"}]},"23":{"Type":"Standard","SubType":"","Description":"Video 1","ID":"BL_eQJjEUdePglUrpY","BlockElements":[{"Type":"Question","QuestionID":"QID95"}]}}},{"SurveyID":"SV_aVtxE1H9oBvttYy","Element":"FL","PrimaryAttribute":"Survey Flow","SecondaryAttribute":null,"TertiaryAttribute":null,"Payload":{"Type":"Root","FlowID":"FL_1","Flow":[{"Type":"Standard","ID":"BL_eJ59FggYzFuBxJz","FlowID":"FL_4","Autofill":[]},{"Type":"Standard","ID":"BL_eQJjEUdePglUrpY","FlowID":"FL_36","Autofill":[]},{"Type":"Standard","ID":"BL_8HqVjon2jVyVIlT","FlowID":"FL_8","Autofill":[]},{"Type":"Standard","ID":"BL_9uHrl5fUlit5lch","FlowID":"FL_24","Autofill":[]},{"Type":"Standard","ID":"BL_29SNClPD02YcDE9","FlowID":"FL_31","Autofill":[]}],"Properties":{"Count":36,"RemovedFieldsets":[]}}},{"SurveyID":"SV_aVtxE1H9oBvttYy","Element":"RS","PrimaryAttribute":"RS_b3dHhqrGTKeC6Gi","SecondaryAttribute":null,"TertiaryAttribute":null,"Payload":null},{"SurveyID":"SV_aVtxE1H9oBvttYy","Element":"SO","PrimaryAttribute":"Survey Options","SecondaryAttribute":null,"TertiaryAttribute":null,"Payload":{"BackButton":"true","SaveAndContinue":"true","SurveyProtection":"PublicSurvey","BallotBoxStuffingPrevention":"false","NoIndex":"Yes","SecureResponseFiles":"true","SurveyExpiration":null,"SurveyTermination":"DefaultMessage","Header":"","Footer":"","ProgressBarDisplay":"NoText","PartialData":"+1 week","ValidationMessage":null,"PreviousButton":" \u2190 ","NextButton":" \u2192 ","SurveyTitle":"Online Survey Software | Qualtrics Survey Solutions","SkinLibrary":"uarizona","SkinType":"templated","Skin":{"brandingId":null,"templateId":"*2014","overrides":{"font":{"family":"arial, helvetica, sans-serif"},"progressBar":{"position":"bottom"}}},"NewScoring":1,"CustomStyles":{"customCSS":"@media (max-width:480px) {\n    .LabelDescriptions {\n        font-size: 9px;\n    }\n}\n\n\n@media only screen and (max-width:480px) {\n\t\n\t\/*Both these commented one - comes up with horizontal scrollbar in mobile only.*\/\n\/*.Skin .horizontalbar table.sliderGrid tr td.value input, .Skin .horizontalbar tr.Stars td.value input { display: none;}*\/\n\/*.Skin .horizontalbar table.sliderGrid tr td.value input, .Skin .horizontalbar tr.Stars td.value {display:none;}*\/\n\t\n\t.value{display:none;}\n\n}\n\n@media only screen and (min-width:480px){\n\n.Skin .SS .horizontalbar .SSTrack,.Skin .horizontalbar .Slider .track{height:8px;opacity:.5;filter:alpha(opacity=50);top:10px;border-radius:30px;background-color:#D3D3D3; border-color:black;}\n\n.Skin .SS .SSTrack:hover,.Skin .horizontalbar .Slider .BarContainer:hover .track,.Skin .horizontalbar .Slider .activated .track:hover{opacity:1;filter:alpha(opacity=100);background-color:black; border-color:black;height:15px;}\n\n.Skin .SB input,.Skin .SS .horizontalbar .handle,.Skin .SS .verticalbar .SSTrack .handle,.Skin .horizontalbar .BarContainer:hover .bar,.Skin .horizontalbar .Slider .handle,.Skin .horizontalbar .activated .bar{background:black;}\n\n.Skin .SS .horizontalbar .handle:hover,.Skin .horizontalbar .Slider .handle:hover{background:black;}\n\n.Skin .SS .horizontalbar .handle, .Skin .SS .verticalbar .SSTrack .handle, .Skin .horizontalbar .Slider .handle{ border: 18px solid #007ac0!important; top: -15px;}\n\n.Skin .horizontalbar .Slider .track div {height:15px; width:30px;}\n\n.Skin .horizontalbar .Slider .track div:hover {height:30px; width:45px;}\n\t\n.Skin .horizontalbar table.sliderGrid tr td.value input, .Skin .horizontalbar tr.Stars td.value input {text-align:center;}\n\t\n}\n"},"EOSMessage":"","ShowExportTags":"false","CollectGeoLocation":"false","SurveyMetaDescription":"The most powerful, simple and trusted way to gather experience data. Start your journey to experience management and try a free account today.","PasswordProtection":"No","AnonymizeResponse":"No","Password":"","RefererCheck":"No","RefererURL":"http:\/\/","UseCustomSurveyLinkCompletedMessage":null,"SurveyLinkCompletedMessage":"","SurveyLinkCompletedMessageLibrary":"","ResponseSummary":"No","EOSMessageLibrary":"","EOSRedirectURL":"https:\/\/","EmailThankYou":"false","ThankYouEmailMessageLibrary":null,"ThankYouEmailMessage":null,"ValidateMessage":"false","ValidationMessageLibrary":null,"InactiveSurvey":"DefaultMessage","PartialDataCloseAfter":"LastActivity","ActiveResponseSet":null,"InactiveMessageLibrary":"","InactiveMessage":"","AvailableLanguages":{"ES":[]},"ProtectSelectionIds":true,"RecaptchaV3":"false","ConfirmStart":false,"AutoConfirmStart":false,"PartialDeletion":null,"footerMid":"","headerMid":""}},{"SurveyID":"SV_aVtxE1H9oBvttYy","Element":"SCO","PrimaryAttribute":"Scoring","SecondaryAttribute":null,"TertiaryAttribute":null,"Payload":{"ScoringCategories":[],"ScoringCategoryGroups":[],"ScoringSummaryCategory":null,"ScoringSummaryAfterQuestions":0,"ScoringSummaryAfterSurvey":0,"DefaultScoringCategory":null,"AutoScoringCategory":null}},{"SurveyID":"SV_aVtxE1H9oBvttYy","Element":"PROJ","PrimaryAttribute":"CORE","SecondaryAttribute":null,"TertiaryAttribute":"1.1.0","Payload":{"ProjectCategory":"CORE","SchemaVersion":"1.1.0"}},{"SurveyID":"SV_aVtxE1H9oBvttYy","Element":"STAT","PrimaryAttribute":"Survey Statistics","SecondaryAttribute":null,"TertiaryAttribute":null,"Payload":{"MobileCompatible":false,"ID":"Survey Statistics"}},{"SurveyID":"SV_aVtxE1H9oBvttYy","Element":"QC","PrimaryAttribute":"Survey Question Count","SecondaryAttribute":"95","TertiaryAttribute":null,"Payload":null},{"SurveyID":"SV_aVtxE1H9oBvttYy","Element":"SQ","PrimaryAttribute":"QID68","SecondaryAttribute":"\u00a0 \u00bfCu\u00e1les\u00a0de los siguientes\u00a0bienes\u00a0p\u00fablicos\u00a0o sociales\u00a0ofreci\u00f3\u00a0${lm:\/\/Field\/1}\u00a0en el mun","TertiaryAttribute":null,"Payload":{"QuestionText":"<div>&nbsp;<\/div>\n\n<div><span style=\"font-family: Calibri, sans-serif; font-size: 11pt;\">\u00bf<\/span>Cu\u00e1les&nbsp;de los siguientes&nbsp;<span style=\"font-weight: bolder;\">bienes&nbsp;<\/span><span style=\"font-weight: bolder;\">p\u00fablicos<\/span><span style=\"font-weight: bolder;\">&nbsp;o sociales&nbsp;<\/span>ofreci\u00f3&nbsp;<span style=\"font-weight: bolder;\">${lm:\/\/Field\/1}<\/span>&nbsp;en el municipio de&nbsp;<span style=\"font-weight: bolder;\">${q:\/\/QID5\/ChoiceDescription\/4}<\/span>&nbsp;durante los a\u00f1os seleccionados?&nbsp;<\/div>\n\n<div><span style=\"color:#7f8c8d;\">&nbsp;<span style=\"font-size: 11px;\">(Favor de seleccionar las acciones para cada a\u00f1o)<\/span><\/span><\/div>","DefaultChoices":false,"DataExportTag":"WEL.1","QuestionType":"Matrix","Selector":"Likert","SubSelector":"MultipleAnswer","DataVisibility":{"Private":false,"Hidden":false},"Configuration":{"QuestionDescriptionOption":"UseText","TextPosition":"inline","ChoiceColumnWidth":25,"ChoiceColumnWidthPixels":50,"RepeatHeaders":"none","WhiteSpace":"OFF","MobileFirst":false},"QuestionDescription":"\u00a0 \u00bfCu\u00e1les\u00a0de los siguientes\u00a0bienes\u00a0p\u00fablicos\u00a0o sociales\u00a0ofreci\u00f3\u00a0${lm:\/\/Field\/1}\u00a0en el municipio de...","Choices":[],"DynamicChoices":{"DynamicType":"ChoiceGroup","Locator":"q:\/\/QID27\/ChoiceGroup\/ChoicesWithValuesGreaterThan?v=0","Type":"Dynamic","Description":"Choices Responses - Greater than"},"DynamicChoicesData":[],"ChoiceOrder":[],"Validation":{"Settings":{"ForceResponse":"OFF","ForceResponseType":"ON","Type":"None"}},"GradingData":[],"Language":[],"NextChoiceId":52,"NextAnswerId":11,"Answers":{"1":{"Display":"<span style=\"font-size:13px;\">Prest&oacute;<br \/>\ndinero<\/span>"},"2":{"Display":"<span style=\"font-size:13px;\">Reparti&oacute;<br \/>\nmedicinas<br \/>\no servicios<br \/>\nde salud<\/span>"},"3":{"Display":"<span style=\"font-size:13px;\">Resolvi&oacute;<br \/>\ndisputas<br \/>\nentre<br \/>\nvecinos<\/span>"}},"AnswerOrder":["1","2","3"],"ChoiceDataExportTags":false,"QuestionID":"QID68","QuestionJS":"Qualtrics.SurveyEngine.addOnload(function()\n{\n\t\/*Place your JavaScript here to run when the page loads*\/\n\n});\n\nQualtrics.SurveyEngine.addOnReady(function()\n{\n\tjQuery('#Plug').attr('style', 'display:none !important');\n\n});\n\nQualtrics.SurveyEngine.addOnUnload(function()\n{\n\t\/*Place your JavaScript here to run when the page is unloaded*\/\n\n});"}},{"SurveyID":"SV_aVtxE1H9oBvttYy","Element":"SQ","PrimaryAttribute":"QID27","SecondaryAttribute":"\u00bfCu\u00e1l fue el alcance del control territorial de ${lm:\/\/Field\/1}\u00a0en el municipio de\u00a0...","TertiaryAttribute":null,"Payload":{"QuestionText":"<div>\u00bfCu\u00e1l fue el alcance del control territorial de<strong> ${lm:\/\/Field\/1}&nbsp;<\/strong>en el municipio de&nbsp;<strong>${q:\/\/QID5\/ChoiceDescription\/4}<\/strong>?<br>\n<span style=\"color:#7f8c8d;\"><span style=\"font-size:11px;\">(Favor de mover el deslizador al grado de control para cada a\u00f1o)&nbsp;<\/span><\/span><br>\n&nbsp;<\/div>","DefaultChoices":false,"DataExportTag":"M1.TC.2","QuestionID":"QID27","QuestionType":"Slider","Selector":"HSLIDER","DataVisibility":{"Private":false,"Hidden":false},"Configuration":{"QuestionDescriptionOption":"UseText","TextPosition":"inline","CSSliderMin":0,"CSSliderMax":4,"GridLines":4,"SnapToGrid":false,"NumDecimals":"0","ShowValue":true,"CustomStart":true,"NotApplicable":false,"MobileFirst":false,"SliderStartPositions":{"1":0,"4":0,"5":0,"37":0,"38":0,"39":0,"40":0,"41":0,"42":0,"43":0,"44":0,"45":0,"46":0,"47":0,"48":0,"49":0,"50":0,"51":0,"52":0,"53":0,"54":0,"55":0,"56":0,"57":0,"58":0,"59":0,"60":0,"61":0,"62":0,"63":0,"64":0},"CenterLabels":true},"QuestionDescription":"\u00bfCu\u00e1l fue el alcance del control territorial de ${lm:\/\/Field\/1}\u00a0en el municipio de\u00a0...","Choices":{"1":{"Display":"1990"},"4":{"Display":"1991"},"5":{"Display":"1992"},"37":{"Display":"1993"},"38":{"Display":"1994"},"39":{"Display":"1995"},"40":{"Display":"1996"},"41":{"Display":"1997"},"42":{"Display":"1998"},"43":{"Display":"1999"},"44":{"Display":"2000"},"45":{"Display":"2001"},"46":{"Display":"2002"},"47":{"Display":"2003"},"48":{"Display":"2004"},"49":{"Display":"2005"},"50":{"Display":"2006"},"51":{"Display":"2007"},"52":{"Display":"2008"},"53":{"Display":"2009"},"54":{"Display":"2010"},"55":{"Display":"2011"},"56":{"Display":"2012"},"57":{"Display":"2013"},"58":{"Display":"2014"},"59":{"Display":"2015"},"60":{"Display":"2016"},"61":{"Display":"2017"},"62":{"Display":"2018"},"63":{"Display":"2019"},"64":{"Display":"2020"}},"ChoiceOrder":["1","4","5","37","38","39","40","41","42","43","44","45","46","47","48","49","50","51","52","53","54","55","56","57","58","59","60","61","62","63","64"],"Validation":{"Settings":{"ForceResponse":"OFF","ForceResponseType":"ON","Type":"None"}},"GradingData":[],"Language":[],"NextChoiceId":65,"NextAnswerId":46,"Labels":{"1":{"Display":"Ausente"},"2":{"Display":"Espor&aacute;dico"},"3":{"Display":"Consolidado"},"42":{"Display":"Dominante"},"45":{"Display":"Monopolio"}},"QuestionJS":"Qualtrics.SurveyEngine.addOnload(function()\n{\n\t\/*Place your JavaScript here to run when the page loads*\/\n\n});\n\nQualtrics.SurveyEngine.addOnReady(function()\n{\n\t\/*Place your JavaScript here to run when the page is fully displayed*\/\n\t\n\t      jQuery(\".statement\").css(\"padding-bottom\",\"0px\");\n          jQuery(\".QuestionText , .QuestionBody , .slider-container\").css(\"padding\",\"0px\");\n         jQuery(\"td.BarOuter\").css(\"padding-bottom\", \"0px\");\n\t    \/\/jQuery(\".LabelDescriptions\").css(\"font-size\",\"20px\");\n\t\n\t\tjQuery('#Plug').attr('style', 'display:none !important');\n\n\n});\n\nQualtrics.SurveyEngine.addOnUnload(function()\n{\n\t\/*Place your JavaScript here to run when the page is unloaded*\/\n\n});"}},{"SurveyID":"SV_aVtxE1H9oBvttYy","Element":"SQ","PrimaryAttribute":"QID76","SecondaryAttribute":"\u00bfCu\u00e1l fue el grado de cooperaci\u00f3n o conflicto entre ${lm:\/\/Field\/1}\u00a0y el gobierno municipal\u00a0del","TertiaryAttribute":null,"Payload":{"QuestionText":"<div>\u00bfCu\u00e1l fue el grado de cooperaci\u00f3n o conflicto entre <strong>${lm:\/\/Field\/1}<\/strong><strong>&nbsp;<\/strong>y el <strong>gobierno municipal&nbsp;<\/strong>del municipio <strong>${q:\/\/QID5\/ChoiceDescription\/4}<\/strong> durante los a\u00f1os seleccionados?<\/div>\n\n<div><span style=\"color:#7f8c8d;\"><span style=\"font-family: Helvetica, sans-serif; font-size: 8.5pt;\">(Favor de mover el deslizador al grado de cooperaci\u00f3n o conflicto para cada a\u00f1o)&nbsp;<\/span><\/span><\/div>\n\n<div>&nbsp;<\/div>","DefaultChoices":false,"DataExportTag":"CC.2","QuestionType":"Slider","Selector":"HSLIDER","DataVisibility":{"Private":false,"Hidden":false},"Configuration":{"QuestionDescriptionOption":"UseText","CSSliderMin":-2,"CSSliderMax":2,"GridLines":4,"SnapToGrid":false,"NumDecimals":"0","ShowValue":true,"CustomStart":true,"NotApplicable":false,"MobileFirst":false,"SliderStartPositions":{"x1":0.500920810313075559605522357742302119731903076171875,"x37":0.500920810313075559605522357742302119731903076171875,"x38":0.500920810313075559605522357742302119731903076171875,"x39":0.500920810313075559605522357742302119731903076171875,"x4":0.500920810313075559605522357742302119731903076171875,"x40":0.500920810313075559605522357742302119731903076171875,"x41":0.500920810313075559605522357742302119731903076171875,"x42":0.500920810313075559605522357742302119731903076171875,"x43":0.500920810313075559605522357742302119731903076171875,"x44":0.500920810313075559605522357742302119731903076171875,"x45":0.500920810313075559605522357742302119731903076171875,"x46":0.500920810313075559605522357742302119731903076171875,"x47":0.50276243093922656779426461071125231683254241943359375,"x48":0.500920810313075559605522357742302119731903076171875,"x49":0.500920810313075559605522357742302119731903076171875,"x5":0.500920810313075559605522357742302119731903076171875,"x50":0.500920810313075559605522357742302119731903076171875,"x51":0.500920810313075559605522357742302119731903076171875,"x52":0.500920810313075559605522357742302119731903076171875,"x53":0.497237569060773487716886620546574704349040985107421875,"x54":0.500920810313075559605522357742302119731903076171875,"x55":0.500920810313075559605522357742302119731903076171875,"x56":0.500920810313075559605522357742302119731903076171875,"x57":0.500920810313075559605522357742302119731903076171875,"x58":0.500920810313075559605522357742302119731903076171875,"x59":0.500920810313075559605522357742302119731903076171875,"x60":0.500920810313075559605522357742302119731903076171875,"x61":0.500920810313075559605522357742302119731903076171875,"x62":0.499079189686924495905628873515524901449680328369140625,"x63":0.500920810313075559605522357742302119731903076171875,"x64":0.500920810313075559605522357742302119731903076171875},"CenterLabels":true},"QuestionDescription":"\u00bfCu\u00e1l fue el grado de cooperaci\u00f3n o conflicto entre ${lm:\/\/Field\/1}\u00a0y el gobierno municipal\u00a0del m...","Choices":[],"ChoiceOrder":[],"Validation":{"Settings":{"ForceResponse":"OFF","ForceResponseType":"ON","Type":"None"}},"GradingData":[],"Language":[],"NextChoiceId":96,"NextAnswerId":45,"Labels":{"1":{"Display":"<span style=\"font-size:13px;\">Conflicto<br \/>\ndirecto<\/span>"},"2":{"Display":"<span style=\"font-size:13px;\">Algo de<br \/>\nConflicto<\/span>"},"3":{"Display":"<span style=\"font-size:13px;\">Neutro<\/span>"},"42":{"Display":"<span style=\"font-size:13px;\">Algo de<br \/>\nCoopera-<br \/>\nci&oacute;n<\/span>"},"43":{"Display":"<span style=\"font-size:13px;\">Mucha<br \/>\nCoopera-<br \/>\nci&oacute;n<\/span>"}},"QuestionID":"QID76","DisplayLogic":{"0":{"0":{"Description":"<span class=\"ConjDesc\">If<\/span> <span class=\"QuestionDesc\"><\/span> <span class=\"LeftOpDesc\">Loop 1: Gov-1, , , , , , , , , , , , , ,...<\/span> <span class=\"OpDesc\"><\/span> <span class=\"RightOpDesc\">Not Current Loop<\/span>","LeftOperand":"BL_9uHrl5fUlit5lch,1","LogicType":"LoopAndMerge","Operator":"NotEqualTo","RightOperand":"lm:\/\/CurrentLoop","Type":"Expression"},"1":{"Conjuction":"And","Description":"<span class=\"ConjDesc\">And<\/span> <span class=\"QuestionDesc\"><\/span> <span class=\"LeftOpDesc\">Loop 21: Gov-2, , , , , , , , , , , , , ...<\/span> <span class=\"OpDesc\"><\/span> <span class=\"RightOpDesc\">Not Current Loop<\/span>","LeftOperand":"BL_9uHrl5fUlit5lch,21","LogicType":"LoopAndMerge","Operator":"NotEqualTo","RightOperand":"lm:\/\/CurrentLoop","Type":"Expression"},"2":{"Conjuction":"And","Description":"<span class=\"ConjDesc\">And<\/span> <span class=\"QuestionDesc\"><\/span> <span class=\"LeftOpDesc\">Loop 22: Gov-3, , , , , , , , , , , , , ...<\/span> <span class=\"OpDesc\"><\/span> <span class=\"RightOpDesc\">Not Current Loop<\/span>","LeftOperand":"BL_9uHrl5fUlit5lch,22","LogicType":"LoopAndMerge","Operator":"NotEqualTo","RightOperand":"lm:\/\/CurrentLoop","Type":"Expression"},"3":{"Conjuction":"And","Description":"<span class=\"ConjDesc\">And<\/span> <span class=\"QuestionDesc\"><\/span> <span class=\"LeftOpDesc\">Loop 23: Gov-4, , , , , , , , , , , , , ...<\/span> <span class=\"OpDesc\"><\/span> <span class=\"RightOpDesc\">Not Current Loop<\/span>","LeftOperand":"BL_9uHrl5fUlit5lch,23","LogicType":"LoopAndMerge","Operator":"NotEqualTo","RightOperand":"lm:\/\/CurrentLoop","Type":"Expression"},"Type":"If"},"Type":"BooleanExpression","inPage":false},"DynamicChoices":{"DynamicType":"ChoiceGroup","Locator":"q:\/\/QID27\/ChoiceGroup\/ChoicesWithValuesGreaterThan?v=0","Type":"Dynamic","Description":"Choices Responses - Greater than"},"DynamicChoicesData":[],"QuestionJS":"Qualtrics.SurveyEngine.addOnload(function()\n{\n\t\/*Place your JavaScript here to run when the page loads*\/\n\n});\n\nQualtrics.SurveyEngine.addOnReady(function()\n{\n\t\/*Place your JavaScript here to run when the page is fully displayed*\/\n\t\n\t      jQuery(\".statement\").css(\"padding-bottom\",\"0px\");\n          jQuery(\".QuestionText , .QuestionBody , .slider-container\").css(\"padding\",\"0px\");\n         jQuery(\"td.BarOuter\").css(\"padding-bottom\", \"0px\");\n\t    \/\/jQuery(\".LabelDescriptions\").css(\"font-size\",\"20px\");\n\t\n\tjQuery('#Plug').attr('style', 'display:none !important');\n\t\n\n\n});\n\nQualtrics.SurveyEngine.addOnUnload(function()\n{\n\t\/*Place your JavaScript here to run when the page is unloaded*\/\n\n});"}},{"SurveyID":"SV_aVtxE1H9oBvttYy","Element":"SQ","PrimaryAttribute":"QID82","SecondaryAttribute":"\u00bfCu\u00e1l fue el grado de cooperaci\u00f3n o conflicto entre\u00a0${lm:\/\/Field\/1}\u00a0y el\u00a0gobierno nacional\u00a0de","TertiaryAttribute":null,"Payload":{"QuestionText":"<div>\u00bfCu\u00e1l fue el grado de cooperaci\u00f3n o conflicto entre&nbsp;<span style=\"font-weight: bolder;\">${lm:\/\/Field\/1}<\/span><span style=\"font-weight: bolder;\">&nbsp;<\/span>y el&nbsp;<span style=\"font-weight: bolder;\">gobierno nacional&nbsp;<\/span>del municipio&nbsp;<span style=\"font-weight: bolder;\">${q:\/\/QID5\/ChoiceDescription\/4}<\/span>&nbsp;durante los a\u00f1os seleccionados?<\/div>\n\n<div><span style=\"color:#7f8c8d;\"><span style=\"font-family: Helvetica, sans-serif; font-size: 8.5pt;\">(Favor de mover el deslizador al grado de cooperaci\u00f3n o conflicto para cada a\u00f1o)&nbsp;<\/span><\/span><\/div><div><span style=\"color:#7f8c8d;\"><span style=\"font-family: Helvetica, sans-serif; font-size: 8.5pt;\"><br><\/span><\/span><\/div>","DefaultChoices":false,"DataExportTag":"CC.3","QuestionType":"Slider","Selector":"HSLIDER","DataVisibility":{"Private":false,"Hidden":false},"Configuration":{"QuestionDescriptionOption":"UseText","CSSliderMin":-2,"CSSliderMax":2,"GridLines":4,"SnapToGrid":false,"NumDecimals":"0","ShowValue":true,"CustomStart":true,"SliderStartPositions":{"x1":0.500920810313075559605522357742302119731903076171875,"x37":0.500920810313075559605522357742302119731903076171875,"x38":0.500920810313075559605522357742302119731903076171875,"x39":0.500920810313075559605522357742302119731903076171875,"x4":0.500920810313075559605522357742302119731903076171875,"x40":0.500920810313075559605522357742302119731903076171875,"x41":0.500920810313075559605522357742302119731903076171875,"x42":0.500920810313075559605522357742302119731903076171875,"x43":0.500920810313075559605522357742302119731903076171875,"x44":0.500920810313075559605522357742302119731903076171875,"x45":0.500920810313075559605522357742302119731903076171875,"x46":0.500920810313075559605522357742302119731903076171875,"x47":0.500920810313075559605522357742302119731903076171875,"x48":0.500920810313075559605522357742302119731903076171875,"x49":0.500920810313075559605522357742302119731903076171875,"x5":0.500920810313075559605522357742302119731903076171875,"x50":0.500920810313075559605522357742302119731903076171875,"x51":0.500920810313075559605522357742302119731903076171875,"x52":0.500920810313075559605522357742302119731903076171875,"x53":0.500920810313075559605522357742302119731903076171875,"x54":0.500920810313075559605522357742302119731903076171875,"x55":0.500920810313075559605522357742302119731903076171875,"x56":0.500920810313075559605522357742302119731903076171875,"x57":0.500920810313075559605522357742302119731903076171875,"x58":0.500920810313075559605522357742302119731903076171875,"x59":0.500920810313075559605522357742302119731903076171875,"x60":0.500920810313075559605522357742302119731903076171875,"x61":0.500920810313075559605522357742302119731903076171875,"x62":0.500920810313075559605522357742302119731903076171875,"x63":0.500920810313075559605522357742302119731903076171875,"x64":0.500920810313075559605522357742302119731903076171875},"NotApplicable":false,"MobileFirst":false,"CenterLabels":true},"QuestionDescription":"\u00bfCu\u00e1l fue el grado de cooperaci\u00f3n o conflicto entre\u00a0${lm:\/\/Field\/1}\u00a0y el\u00a0gobierno nacional\u00a0del mu...","Choices":[],"DisplayLogic":{"0":{"0":{"Description":"<span class=\"ConjDesc\">If<\/span> <span class=\"QuestionDesc\"><\/span> <span class=\"LeftOpDesc\">Loop 1: Gov-1, , , , , , , , , , , , , ,...<\/span> <span class=\"OpDesc\"><\/span> <span class=\"RightOpDesc\">Not Current Loop<\/span>","LeftOperand":"BL_9uHrl5fUlit5lch,1","LogicType":"LoopAndMerge","Operator":"NotEqualTo","RightOperand":"lm:\/\/CurrentLoop","Type":"Expression"},"1":{"Conjuction":"And","Description":"<span class=\"ConjDesc\">And<\/span> <span class=\"QuestionDesc\"><\/span> <span class=\"LeftOpDesc\">Loop 21: Gov-2, , , , , , , , , , , , , ...<\/span> <span class=\"OpDesc\"><\/span> <span class=\"RightOpDesc\">Not Current Loop<\/span>","LeftOperand":"BL_9uHrl5fUlit5lch,21","LogicType":"LoopAndMerge","Operator":"NotEqualTo","RightOperand":"lm:\/\/CurrentLoop","Type":"Expression"},"2":{"Conjuction":"And","Description":"<span class=\"ConjDesc\">And<\/span> <span class=\"QuestionDesc\"><\/span> <span class=\"LeftOpDesc\">Loop 22: Gov-3, , , , , , , , , , , , , ...<\/span> <span class=\"OpDesc\"><\/span> <span class=\"RightOpDesc\">Not Current Loop<\/span>","LeftOperand":"BL_9uHrl5fUlit5lch,22","LogicType":"LoopAndMerge","Operator":"NotEqualTo","RightOperand":"lm:\/\/CurrentLoop","Type":"Expression"},"3":{"Conjuction":"And","Description":"<span class=\"ConjDesc\">And<\/span> <span class=\"QuestionDesc\"><\/span> <span class=\"LeftOpDesc\">Loop 23: Gov-4, , , , , , , , , , , , , ...<\/span> <span class=\"OpDesc\"><\/span> <span class=\"RightOpDesc\">Not Current Loop<\/span>","LeftOperand":"BL_9uHrl5fUlit5lch,23","LogicType":"LoopAndMerge","Operator":"NotEqualTo","RightOperand":"lm:\/\/CurrentLoop","Type":"Expression"},"Type":"If"},"Type":"BooleanExpression","inPage":false},"ChoiceOrder":[],"Validation":{"Settings":{"ForceResponse":"OFF","ForceResponseType":"ON","Type":"None"}},"GradingData":[],"Language":[],"NextChoiceId":96,"NextAnswerId":46,"Labels":{"1":{"Display":"<span style=\"font-size:13px;\">Mucho<br \/>\nConflicto<\/span>"},"2":{"Display":"<span style=\"font-size:13px;\">Algo de<br \/>\nConflicto<\/span>"},"3":{"Display":"<span style=\"font-size:13px;\">Neutro<\/span>"},"42":{"Display":"<span style=\"font-size:13px;\">Algo de<br \/>\nCoopera-<br \/>\nci&oacute;n<\/span>"},"43":{"Display":"<span style=\"font-size:13px;\">Mucha<br \/>\nCoopera-<br \/>\nci&oacute;n<\/span>"}},"QuestionID":"QID82","DynamicChoices":{"DynamicType":"ChoiceGroup","Locator":"q:\/\/QID27\/ChoiceGroup\/ChoicesWithValuesGreaterThan?v=0","Type":"Dynamic","Description":"Choices Responses - Greater than"},"DynamicChoicesData":[],"QuestionJS":"Qualtrics.SurveyEngine.addOnload(function()\n{\n\t\/*Place your JavaScript here to run when the page loads*\/\n\n});\n\nQualtrics.SurveyEngine.addOnReady(function()\n{\n\t\/*Place your JavaScript here to run when the page is fully displayed*\/\n\t\n\t      jQuery(\".statement\").css(\"padding-bottom\",\"0px\");\n          jQuery(\".QuestionText , .QuestionBody , .slider-container\").css(\"padding\",\"0px\");\n         jQuery(\"td.BarOuter\").css(\"padding-bottom\", \"0px\");\n\t    \/\/jQuery(\".LabelDescriptions\").css(\"font-size\",\"20px\");\n\t\n\tjQuery('#Plug').attr('style', 'display:none !important');\n\t\n\n\n});\n\nQualtrics.SurveyEngine.addOnUnload(function()\n{\n\t\/*Place your JavaScript here to run when the page is unloaded*\/\n\n});"}},{"SurveyID":"SV_aVtxE1H9oBvttYy","Element":"SQ","PrimaryAttribute":"QID25","SecondaryAttribute":"\u00bfCu\u00e1les de las siguientes acciones de violencia contra civiles realiz\u00f3 ${lm:\/\/Field\/1}\u00a0en el mun","TertiaryAttribute":null,"Payload":{"QuestionText":"<div><span style=\"font-family: Calibri, sans-serif; font-size: 11pt;\">\u00bf<\/span>Cu\u00e1les de las siguientes acciones de <strong>violencia contra civiles<\/strong> realiz\u00f3 <span style=\"font-weight: bolder;\">${lm:\/\/Field\/1}&nbsp;<\/span>en el municipio de&nbsp;<span style=\"font-weight: bolder;\">${q:\/\/QID5\/ChoiceDescription\/4}<\/span>&nbsp;durante los a\u00f1os seleccionados?&nbsp;<\/div>\n\n<div><span style=\"color:#7f8c8d;\"><span style=\"font-size: 15px;\">(<\/span><span style=\"font-size: 11px;\">Favor de seleccionar las acciones&nbsp;de violencia para cada a\u00f1o)<\/span><\/span><\/div>","DefaultChoices":false,"DataExportTag":"VIOL.1","QuestionType":"Matrix","Selector":"Likert","SubSelector":"MultipleAnswer","DataVisibility":{"Private":false,"Hidden":false},"Configuration":{"QuestionDescriptionOption":"UseText","TextPosition":"inline","ChoiceColumnWidth":25,"WhiteSpace":"OFF","MobileFirst":false,"ChoiceColumnWidthPixels":56,"RepeatHeaders":"none"},"QuestionDescription":"\u00bfCu\u00e1les de las siguientes acciones de violencia contra civiles realiz\u00f3 ${lm:\/\/Field\/1}\u00a0en el muni...","Choices":[],"DynamicChoices":{"DynamicType":"ChoiceGroup","Locator":"q:\/\/QID27\/ChoiceGroup\/ChoicesWithValuesGreaterThan?v=0","Type":"Dynamic","Description":"Choices Responses - Greater than"},"DynamicChoicesData":[],"ChoiceOrder":[],"Validation":{"Settings":{"ForceResponse":"OFF","ForceResponseType":"ON","Type":"None"}},"GradingData":[],"Language":[],"NextChoiceId":52,"NextAnswerId":11,"Answers":{"1":{"Display":"<span style=\"font-size:13px;\">Amenazas<\/span>"},"2":{"Display":"<span style=\"font-size:13px;\">Violencia<br \/>\nSexual<\/span>"},"3":{"Display":"<span style=\"font-size:13px;\">Tortura<\/span>"}},"AnswerOrder":["1","2","3"],"ChoiceDataExportTags":false,"QuestionID":"QID25","QuestionJS":"Qualtrics.SurveyEngine.addOnload(function()\n{\n\t\/*Place your JavaScript here to run when the page loads*\/\n\n});\n\nQualtrics.SurveyEngine.addOnReady(function()\n{\n\tjQuery('#Plug').attr('style', 'display:none !important');\n\n});\n\nQualtrics.SurveyEngine.addOnUnload(function()\n{\n\t\/*Place your JavaScript here to run when the page is unloaded*\/\n\n});"}},{"SurveyID":"SV_aVtxE1H9oBvttYy","Element":"SQ","PrimaryAttribute":"QID51","SecondaryAttribute":"\u00bfCu\u00e1les de las siguientes acciones de\u00a0violencia contra civiles\u00a0realiz\u00f3\u00a0${lm:\/\/Field\/1}\u00a0en el ","TertiaryAttribute":null,"Payload":{"QuestionText":"<div><span style=\"font-family: Calibri, sans-serif; font-size: 11pt;\">\u00bf<\/span>Cu\u00e1les de las siguientes acciones de&nbsp;<span style=\"font-weight: bolder;\">violencia contra civiles<\/span>&nbsp;realiz\u00f3&nbsp;<span style=\"font-weight: bolder;\">${lm:\/\/Field\/1}&nbsp;<\/span>en el municipio de&nbsp;<span style=\"font-weight: bolder;\">${q:\/\/QID5\/ChoiceDescription\/4}<\/span>&nbsp;durante los a\u00f1os seleccionados?&nbsp;<\/div>\n\n<div><span style=\"color:#7f8c8d;\"><span style=\"font-size:11px;\">&nbsp;(Favor de seleccionar las acciones&nbsp;de violencia para cada a\u00f1o)<\/span><\/span><\/div>","DefaultChoices":false,"DataExportTag":"VIOL.2","QuestionType":"Matrix","Selector":"Likert","SubSelector":"MultipleAnswer","DataVisibility":{"Private":false,"Hidden":false},"Configuration":{"QuestionDescriptionOption":"UseText","TextPosition":"inline","ChoiceColumnWidth":25,"ChoiceColumnWidthPixels":56,"WhiteSpace":"OFF","MobileFirst":false,"RepeatHeaders":"none"},"QuestionDescription":"\u00bfCu\u00e1les de las siguientes acciones de\u00a0violencia contra civiles\u00a0realiz\u00f3\u00a0${lm:\/\/Field\/1}\u00a0en el muni...","Choices":[],"DynamicChoices":{"DynamicType":"ChoiceGroup","Locator":"q:\/\/QID27\/ChoiceGroup\/ChoicesWithValuesGreaterThan?v=0","Type":"Dynamic","Description":"Choices Responses - Greater than"},"DynamicChoicesData":[],"ChoiceOrder":[],"Validation":{"Settings":{"ForceResponse":"OFF","ForceResponseType":"ON","Type":"None"}},"GradingData":[],"Language":[],"NextChoiceId":52,"NextAnswerId":14,"Answers":{"1":{"Display":"<span style=\"font-size:13px;\">Homicidio<\/span>"},"12":{"Display":"<span style=\"font-size:13px;\">Masacres<\/span>"},"13":{"Display":"<span style=\"font-size:13px;\">Desplazamiento<br \/>\nForzado<\/span>"}},"AnswerOrder":["1","12","13"],"ChoiceDataExportTags":false,"QuestionID":"QID51","QuestionJS":"Qualtrics.SurveyEngine.addOnload(function()\n{\n\t\/*Place your JavaScript here to run when the page loads*\/\n\n});\n\nQualtrics.SurveyEngine.addOnReady(function()\n{\n\tjQuery('#Plug').attr('style', 'display:none !important');\n\n});\n\nQualtrics.SurveyEngine.addOnUnload(function()\n{\n\t\/*Place your JavaScript here to run when the page is unloaded*\/\n\n});"}},{"SurveyID":"SV_aVtxE1H9oBvttYy","Element":"SQ","PrimaryAttribute":"QID52","SecondaryAttribute":"\u00bfCu\u00e1les\u00a0de las siguientes acciones de\u00a0influencia pol\u00edtica\u00a0realiz\u00f3\u00a0${lm:\/\/Field\/1}\u00a0para inci","TertiaryAttribute":null,"Payload":{"QuestionText":"<div><span style=\"font-family: Calibri, sans-serif; font-size: 11pt;\">\u00bf<\/span>Cu\u00e1les&nbsp;de las siguientes acciones de&nbsp;<span style=\"font-weight: bolder;\">influencia pol\u00edtica<\/span><span style=\"font-weight: bolder;\">&nbsp;<\/span>realiz\u00f3&nbsp;<span style=\"font-weight: bolder;\">${lm:\/\/Field\/1}&nbsp;<\/span>para incidir en pol\u00edticos o elecciones&nbsp;en el municipio de&nbsp;<span style=\"font-weight: bolder;\">${q:\/\/QID5\/ChoiceDescription\/4}<\/span>&nbsp;durante los a\u00f1os seleccionados?&nbsp;<\/div>\n\n<div><span style=\"color:#7f8c8d;\">&nbsp;<span style=\"font-size: 11px;\">(Favor de seleccionar las acciones para cada a\u00f1o)<\/span><\/span><\/div>","DefaultChoices":false,"DataExportTag":"POL.1","QuestionType":"Matrix","Selector":"Likert","SubSelector":"MultipleAnswer","DataVisibility":{"Private":false,"Hidden":false},"Configuration":{"QuestionDescriptionOption":"UseText","TextPosition":"inline","ChoiceColumnWidth":25,"ChoiceColumnWidthPixels":56,"WhiteSpace":"OFF","MobileFirst":false,"RepeatHeaders":"none"},"QuestionDescription":"\u00bfCu\u00e1les\u00a0de las siguientes acciones de\u00a0influencia pol\u00edtica\u00a0realiz\u00f3\u00a0${lm:\/\/Field\/1}\u00a0para incidir en...","Choices":[],"DynamicChoices":{"DynamicType":"ChoiceGroup","Locator":"q:\/\/QID27\/ChoiceGroup\/ChoicesWithValuesGreaterThan?v=0","Type":"Dynamic","Description":"Choices Responses - Greater than"},"DynamicChoicesData":[],"ChoiceOrder":[],"Validation":{"Settings":{"ForceResponse":"OFF","ForceResponseType":"ON","Type":"None"}},"GradingData":[],"Language":[],"NextChoiceId":52,"NextAnswerId":12,"Answers":{"1":{"Display":"<span style=\"font-size:13px;\">Apoy&oacute;<br \/>\ncandidato<\/span>"},"2":{"Display":"<span style=\"font-size:13px;\">Amenaz&oacute;<br \/>\ncandidato<\/span>"},"11":{"Display":"<span style=\"font-size:13px;\">Mat&oacute;<br \/>\ncandidato<\/span>"}},"AnswerOrder":["1","2","11"],"ChoiceDataExportTags":false,"QuestionID":"QID52","QuestionJS":"Qualtrics.SurveyEngine.addOnload(function()\n{\n\t\/*Place your JavaScript here to run when the page loads*\/\n\n});\n\nQualtrics.SurveyEngine.addOnReady(function()\n{\n\tjQuery('#Plug').attr('style', 'display:none !important');\n\n});\n\nQualtrics.SurveyEngine.addOnUnload(function()\n{\n\t\/*Place your JavaScript here to run when the page is unloaded*\/\n\n});"}},{"SurveyID":"SV_aVtxE1H9oBvttYy","Element":"SQ","PrimaryAttribute":"QID56","SecondaryAttribute":"\u00bfCu\u00e1les\u00a0de las siguientes acciones de\u00a0influencia pol\u00edtica\u00a0realiz\u00f3\u00a0${lm:\/\/Field\/1}\u00a0para inci","TertiaryAttribute":null,"Payload":{"QuestionText":"<div>\n<div><span style=\"font-family: Calibri, sans-serif; font-size: 11pt;\">\u00bf<\/span>Cu\u00e1les&nbsp;de las siguientes acciones de&nbsp;<span style=\"font-weight: bolder;\">influencia pol\u00edtica<\/span><span style=\"font-weight: bolder;\">&nbsp;<\/span>realiz\u00f3&nbsp;<span style=\"font-weight: bolder;\">${lm:\/\/Field\/1}&nbsp;<\/span>para incidir en pol\u00edticos o elecciones&nbsp;en el municipio de&nbsp;<span style=\"font-weight: bolder;\">${q:\/\/QID5\/ChoiceDescription\/4}<\/span>&nbsp;durante los a\u00f1os seleccionados?&nbsp;<\/div>\n\n<div><span style=\"color:#7f8c8d;\">&nbsp;<span style=\"font-size: 11px;\">(Favor de seleccionar las acciones para cada a\u00f1o)<\/span><\/span><\/div>\n<\/div>\n\n<div>&nbsp;<\/div>","DefaultChoices":false,"DataExportTag":"POL.2","QuestionType":"Matrix","Selector":"Likert","SubSelector":"MultipleAnswer","DataVisibility":{"Private":false,"Hidden":false},"Configuration":{"QuestionDescriptionOption":"UseText","TextPosition":"inline","ChoiceColumnWidth":25,"ChoiceColumnWidthPixels":56,"WhiteSpace":"OFF","MobileFirst":false,"RepeatHeaders":"none"},"QuestionDescription":"\u00bfCu\u00e1les\u00a0de las siguientes acciones de\u00a0influencia pol\u00edtica\u00a0realiz\u00f3\u00a0${lm:\/\/Field\/1}\u00a0para incidir en...","Choices":[],"DynamicChoices":{"DynamicType":"ChoiceGroup","Locator":"q:\/\/QID27\/ChoiceGroup\/ChoicesWithValuesGreaterThan?v=0","Type":"Dynamic","Description":"Choices Responses - Greater than"},"DynamicChoicesData":[],"ChoiceOrder":[],"Validation":{"Settings":{"ForceResponse":"OFF","ForceResponseType":"ON","Type":"None"}},"GradingData":[],"Language":[],"NextChoiceId":52,"NextAnswerId":11,"Answers":{"1":{"Display":"<span style=\"font-size:13px;\">Amenaz&oacute;<br \/>\nvotantes<\/span>"},"2":{"Display":"<span style=\"font-size:13px;\">Compr&oacute;<br \/>\nvotos<\/span>"},"3":{"Display":"<span style=\"font-size:13px;\">Sabote&oacute;<br \/>\nelecci&oacute;n<br \/>\ncon<br \/>\nviolencia<\/span>"}},"AnswerOrder":["1","2","3"],"ChoiceDataExportTags":false,"QuestionID":"QID56","QuestionJS":"Qualtrics.SurveyEngine.addOnload(function()\n{\n\t\/*Place your JavaScript here to run when the page loads*\/\n\n});\n\nQualtrics.SurveyEngine.addOnReady(function()\n{\n\tjQuery('#Plug').attr('style', 'display:none !important');\n\n});\n\nQualtrics.SurveyEngine.addOnUnload(function()\n{\n\t\/*Place your JavaScript here to run when the page is unloaded*\/\n\n});"}},{"SurveyID":"SV_aVtxE1H9oBvttYy","Element":"SQ","PrimaryAttribute":"QID29","SecondaryAttribute":"\u00bfCu\u00e1les\u00a0de las siguientes acciones relacionadas a la\u00a0provisi\u00f3n de seguridad\u00a0realiz\u00f3\u00a0...","TertiaryAttribute":null,"Payload":{"QuestionText":"<div><span style=\"font-family: Calibri, sans-serif; font-size: 11pt;\">\u00bf<\/span>Cu\u00e1les&nbsp;de las siguientes acciones relacionadas a la&nbsp;<span style=\"font-weight: bolder;\">provisi\u00f3n de seguridad&nbsp;<\/span>realiz\u00f3&nbsp;<span style=\"font-weight: bolder;\">${lm:\/\/Field\/1}<\/span>&nbsp;en el municipio de&nbsp;<span style=\"font-weight: bolder;\">${q:\/\/QID5\/ChoiceDescription\/4}<\/span>&nbsp;durante los a\u00f1os seleccionados?&nbsp;<\/div>\n\n<div>\n<div><span style=\"color:#7f8c8d;\">&nbsp;<span style=\"font-size: 11px;\">(Favor de seleccionar las acciones para cada a\u00f1o)<\/span><\/span><\/div>\n<\/div>","DefaultChoices":false,"DataExportTag":"SEC.1","QuestionType":"Matrix","Selector":"Likert","SubSelector":"MultipleAnswer","DataVisibility":{"Private":false,"Hidden":false},"Configuration":{"QuestionDescriptionOption":"UseText","TextPosition":"inline","ChoiceColumnWidth":25,"WhiteSpace":"OFF","MobileFirst":false,"ChoiceColumnWidthPixels":54,"RepeatHeaders":"none"},"QuestionDescription":"\u00bfCu\u00e1les\u00a0de las siguientes acciones relacionadas a la\u00a0provisi\u00f3n de seguridad\u00a0realiz\u00f3\u00a0...","Choices":[],"DynamicChoices":{"DynamicType":"ChoiceGroup","Locator":"q:\/\/QID27\/ChoiceGroup\/ChoicesWithValuesGreaterThan?v=0","Type":"Dynamic","Description":"Choices Responses - Greater than"},"DynamicChoicesData":[],"ChoiceOrder":[],"Validation":{"Settings":{"ForceResponse":"OFF","ForceResponseType":"ON","Type":"None"}},"GradingData":[],"Language":[],"NextChoiceId":52,"NextAnswerId":11,"Answers":{"1":{"Display":"<span style=\"font-size:13px;\">Impuso<br \/>\ntoque de<br \/>\nqueda<\/span>"},"2":{"Display":"<span style=\"font-size:13px;\">Instal&oacute;<br \/>\nretenes<\/span>"},"3":{"Display":"<span style=\"font-size:13px;\">Impidi&oacute;<br \/>\nrobo en<br \/>\ncomunidad<\/span>"}},"AnswerOrder":["1","2","3"],"ChoiceDataExportTags":false,"QuestionID":"QID29","QuestionJS":"Qualtrics.SurveyEngine.addOnload(function()\n{\n\t\/*Place your JavaScript here to run when the page loads*\/\n\n});\n\nQualtrics.SurveyEngine.addOnReady(function()\n{\n\tjQuery('#Plug').attr('style', 'display:none !important');\n\n});\n\nQualtrics.SurveyEngine.addOnUnload(function()\n{\n\t\/*Place your JavaScript here to run when the page is unloaded*\/\n\n});"}},{"SurveyID":"SV_aVtxE1H9oBvttYy","Element":"SQ","PrimaryAttribute":"QID30","SecondaryAttribute":"\u00bfCu\u00e1les\u00a0de las siguientes acciones relacionadas al\u00a0control social\u00a0realiz\u00f3\u00a0${lm:\/\/Field\/1}\u00a0en","TertiaryAttribute":null,"Payload":{"QuestionText":"<div><span style=\"font-family: Calibri, sans-serif; font-size: 11pt;\">\u00bf<\/span>Cu\u00e1les&nbsp;de las siguientes acciones relacionadas al&nbsp;<span style=\"font-weight: bolder;\">control social<\/span><span style=\"font-weight: bolder;\">&nbsp;<\/span>realiz\u00f3&nbsp;<span style=\"font-weight: bolder;\">${lm:\/\/Field\/1}<\/span>&nbsp;en el municipio de&nbsp;<span style=\"font-weight: bolder;\">${q:\/\/QID5\/ChoiceDescription\/4}<\/span>&nbsp;durante los a\u00f1os seleccionados?&nbsp;<\/div>\n\n<div>\n<div>\n<div><span style=\"color:#7f8c8d;\">&nbsp;<span style=\"font-size: 11px;\">(Favor de seleccionar las acciones para cada a\u00f1o)<\/span><\/span><\/div>\n<\/div>\n<\/div>","DefaultChoices":false,"DataExportTag":"SOC.1","QuestionType":"Matrix","Selector":"Likert","SubSelector":"MultipleAnswer","DataVisibility":{"Private":false,"Hidden":false},"Configuration":{"QuestionDescriptionOption":"UseText","TextPosition":"inline","ChoiceColumnWidth":25,"WhiteSpace":"OFF","MobileFirst":false,"ChoiceColumnWidthPixels":50,"RepeatHeaders":"none"},"QuestionDescription":"\u00bfCu\u00e1les\u00a0de las siguientes acciones relacionadas al\u00a0control social\u00a0realiz\u00f3\u00a0${lm:\/\/Field\/1}\u00a0en el m...","Choices":[],"DynamicChoices":{"DynamicType":"ChoiceGroup","Locator":"q:\/\/QID27\/ChoiceGroup\/ChoicesWithValuesGreaterThan?v=0","Type":"Dynamic","Description":"Choices Responses - Greater than"},"DynamicChoicesData":[],"ChoiceOrder":[],"Validation":{"Settings":{"ForceResponse":"OFF","ForceResponseType":"ON","Type":"None"}},"GradingData":[],"Language":[],"NextChoiceId":52,"NextAnswerId":11,"Answers":{"1":{"Display":"<span style=\"font-size:13px;\">Regul&oacute;<br \/>\ncomportamiento<br \/>\nde mujeres<\/span>"},"2":{"Display":"<span style=\"font-size:13px;\">Prohibi&oacute;<br \/>\ndrogas<br \/>\no alcohol<\/span>"},"3":{"Display":"<span style=\"font-size:13px;\">Regul&oacute;<br \/>\nactividades&nbsp;<br \/>\nreligiosas<\/span>"}},"AnswerOrder":["1","2","3"],"ChoiceDataExportTags":false,"QuestionID":"QID30","QuestionJS":"Qualtrics.SurveyEngine.addOnload(function()\n{\n\t\/*Place your JavaScript here to run when the page loads*\/\n\n});\n\nQualtrics.SurveyEngine.addOnReady(function()\n{\n\tjQuery('#Plug').attr('style', 'display:none !important');\n\n});\n\nQualtrics.SurveyEngine.addOnUnload(function()\n{\n\t\/*Place your JavaScript here to run when the page is unloaded*\/\n\n});"}},{"SurveyID":"SV_aVtxE1H9oBvttYy","Element":"SQ","PrimaryAttribute":"QID26","SecondaryAttribute":"\u00bfCu\u00e1les\u00a0de las siguientes actividades econ\u00f3micas realiz\u00f3 ${lm:\/\/Field\/1}\u00a0en el municipio de\u00a0.","TertiaryAttribute":null,"Payload":{"QuestionText":"<div><span style=\"font-family: Calibri, sans-serif; font-size: 11pt;\">\u00bf<\/span>Cu\u00e1les&nbsp;de las siguientes <b>actividades <\/b><strong>econ\u00f3micas<\/strong> realiz\u00f3 <span style=\"font-weight: bolder;\">${lm:\/\/Field\/1}&nbsp;<\/span>en el municipio de&nbsp;<span style=\"font-weight: bolder;\">${q:\/\/QID5\/ChoiceDescription\/4}<\/span>&nbsp;durante los a\u00f1os seleccionados?&nbsp;<\/div>\n\n<div>\n<div><span style=\"color:#7f8c8d;\">&nbsp;<span style=\"font-size: 11px;\">(Favor de seleccionar las acciones para cada a\u00f1o)<\/span><\/span><\/div>\n<\/div>","DefaultChoices":false,"DataExportTag":"ECO.1","QuestionType":"Matrix","Selector":"Likert","SubSelector":"MultipleAnswer","DataVisibility":{"Private":false,"Hidden":false},"Configuration":{"QuestionDescriptionOption":"UseText","TextPosition":"inline","ChoiceColumnWidth":25,"WhiteSpace":"OFF","MobileFirst":false,"ChoiceColumnWidthPixels":56,"RepeatHeaders":"none"},"QuestionDescription":"\u00bfCu\u00e1les\u00a0de las siguientes actividades econ\u00f3micas realiz\u00f3 ${lm:\/\/Field\/1}\u00a0en el municipio de\u00a0...","Choices":[],"DynamicChoices":{"DynamicType":"ChoiceGroup","Locator":"q:\/\/QID27\/ChoiceGroup\/ChoicesWithValuesGreaterThan?v=0","Type":"Dynamic","Description":"Choices Responses - Greater than"},"DynamicChoicesData":[],"ChoiceOrder":[],"Validation":{"Settings":{"ForceResponse":"OFF","ForceResponseType":"ON","Type":"None"}},"GradingData":[],"Language":{"EN":{"Answers":{"12":{"Display":"de tierras"}}}},"NextChoiceId":52,"NextAnswerId":13,"Answers":{"1":{"Display":"<span style=\"font-size:13px;\">Producci&oacute;n<br \/>\nagr&iacute;cola o<br \/>\nganadera<\/span>"},"2":{"Display":"<span style=\"font-size:13px;\">Extracci&oacute;n<br \/>\nmineral<\/span>"},"12":{"Display":"<span style=\"font-size:13px;\">Imponer<br \/>\nimpuestos<\/span>"}},"AnswerOrder":["1","2","12"],"ChoiceDataExportTags":false,"QuestionID":"QID26","RecodeValues":{"1":"1","2":"2","12":"4"},"QuestionJS":"Qualtrics.SurveyEngine.addOnload(function()\n{\n\t\/*Place your JavaScript here to run when the page loads*\/\n\n});\n\nQualtrics.SurveyEngine.addOnReady(function()\n{\n\tjQuery('#Plug').attr('style', 'display:none !important');\n\n});\n\nQualtrics.SurveyEngine.addOnUnload(function()\n{\n\t\/*Place your JavaScript here to run when the page is unloaded*\/\n\n});"}},{"SurveyID":"SV_aVtxE1H9oBvttYy","Element":"SQ","PrimaryAttribute":"QID59","SecondaryAttribute":"\u00bfCu\u00e1les\u00a0de las siguientes actividades relacionadas al\u00a0narcotr\u00e1fico\u00a0realiz\u00f3\u00a0${lm:\/\/Field\/1}\u00a0","TertiaryAttribute":null,"Payload":{"QuestionText":"<div><span style=\"font-family: Calibri, sans-serif; font-size: 11pt;\">\u00bf<\/span>Cu\u00e1les&nbsp;de las siguientes actividades relacionadas al&nbsp;<span style=\"font-weight: bolder;\">narcotr\u00e1fico&nbsp;<\/span>realiz\u00f3&nbsp;<span style=\"font-weight: bolder;\">${lm:\/\/Field\/1}&nbsp;<\/span>en el municipio de&nbsp;<span style=\"font-weight: bolder;\">${q:\/\/QID5\/ChoiceDescription\/4}<\/span>&nbsp;durante los a\u00f1os seleccionados?&nbsp;<\/div>\n\n<div>\n<div><span style=\"color:#7f8c8d;\">&nbsp;<span style=\"font-size: 11px;\">(Favor de seleccionar las acciones para cada a\u00f1o)<\/span><\/span><\/div>\n<\/div>","DefaultChoices":false,"DataExportTag":"ECO.2","QuestionType":"Matrix","Selector":"Likert","SubSelector":"MultipleAnswer","DataVisibility":{"Private":false,"Hidden":false},"Configuration":{"QuestionDescriptionOption":"UseText","TextPosition":"inline","ChoiceColumnWidth":25,"ChoiceColumnWidthPixels":56,"WhiteSpace":"OFF","MobileFirst":false,"RepeatHeaders":"none"},"QuestionDescription":"\u00bfCu\u00e1les\u00a0de las siguientes actividades relacionadas al\u00a0narcotr\u00e1fico\u00a0realiz\u00f3\u00a0${lm:\/\/Field\/1}\u00a0en el...","Choices":[],"DynamicChoices":{"DynamicType":"ChoiceGroup","Locator":"q:\/\/QID27\/ChoiceGroup\/ChoicesWithValuesGreaterThan?v=0","Type":"Dynamic","Description":"Choices Responses - Greater than"},"DynamicChoicesData":[],"ChoiceOrder":[],"Validation":{"Settings":{"ForceResponse":"OFF","ForceResponseType":"ON","Type":"None"}},"GradingData":[],"Language":[],"NextChoiceId":52,"NextAnswerId":13,"Answers":{"1":{"Display":"<span style=\"font-size:13px;\">Cultivo o<br \/>\nproducci&oacute;n<br \/>\nde droga<\/span>"},"2":{"Display":"<span style=\"font-size:13px;\">Narco-<br \/>\nmenudeo<\/span>"},"12":{"Display":"<span style=\"font-size:13px;\">Tr&aacute;fico<br \/>\ninternacional<br \/>\nde droga<\/span>"}},"AnswerOrder":["1","2","12"],"ChoiceDataExportTags":false,"QuestionID":"QID59","QuestionJS":"Qualtrics.SurveyEngine.addOnload(function()\n{\n\t\/*Place your JavaScript here to run when the page loads*\/\n\n});\n\nQualtrics.SurveyEngine.addOnReady(function()\n{\n\tjQuery('#Plug').attr('style', 'display:none !important');\n\n});\n\nQualtrics.SurveyEngine.addOnUnload(function()\n{\n\t\/*Place your JavaScript here to run when the page is unloaded*\/\n\n});"}},{"SurveyID":"SV_aVtxE1H9oBvttYy","Element":"SQ","PrimaryAttribute":"QID73","SecondaryAttribute":"\u00bfCu\u00e1les\u00a0de los siguientes\u00a0bienes\u00a0p\u00fablicos\u00a0o sociales\u00a0ofreci\u00f3\u00a0${lm:\/\/Field\/1}\u00a0en el munici","TertiaryAttribute":null,"Payload":{"QuestionText":"<div>\n<div><span style=\"font-family: Calibri, sans-serif; font-size: 11pt;\">\u00bf<\/span>Cu\u00e1les&nbsp;de los siguientes&nbsp;<span style=\"font-weight: bolder;\">bienes&nbsp;<\/span><span style=\"font-weight: bolder;\">p\u00fablicos<\/span><span style=\"font-weight: bolder;\">&nbsp;o sociales&nbsp;<\/span>ofreci\u00f3&nbsp;<span style=\"font-weight: bolder;\">${lm:\/\/Field\/1}<\/span>&nbsp;en el municipio de&nbsp;<span style=\"font-weight: bolder;\">${q:\/\/QID5\/ChoiceDescription\/4}<\/span>&nbsp;durante los a\u00f1os seleccionados?&nbsp;<\/div>\n\n<div><span style=\"color:#7f8c8d;\">&nbsp;<span style=\"font-size: 11px;\">(Favor de seleccionar las acciones para cada a\u00f1o)<\/span><\/span><\/div>\n<\/div>\n\n<div>&nbsp;<\/div>","DefaultChoices":false,"DataExportTag":"WEL.2","QuestionType":"Matrix","Selector":"Likert","SubSelector":"MultipleAnswer","DataVisibility":{"Private":false,"Hidden":false},"Configuration":{"QuestionDescriptionOption":"UseText","TextPosition":"inline","ChoiceColumnWidth":25,"ChoiceColumnWidthPixels":50,"RepeatHeaders":"none","WhiteSpace":"OFF","MobileFirst":false},"QuestionDescription":"\u00bfCu\u00e1les\u00a0de los siguientes\u00a0bienes\u00a0p\u00fablicos\u00a0o sociales\u00a0ofreci\u00f3\u00a0${lm:\/\/Field\/1}\u00a0en el municipio de\u00a0$...","Choices":[],"DynamicChoices":{"DynamicType":"ChoiceGroup","Locator":"q:\/\/QID27\/ChoiceGroup\/ChoicesWithValuesGreaterThan?v=0","Type":"Dynamic","Description":"Choices Responses - Greater than"},"DynamicChoicesData":[],"ChoiceOrder":[],"Validation":{"Settings":{"ForceResponse":"OFF","ForceResponseType":"ON","Type":"None"}},"GradingData":[],"Language":[],"NextChoiceId":52,"NextAnswerId":11,"Answers":{"1":{"Display":"<span style=\"font-size:13px;\">Administr&oacute;<br \/>\nacceso<br \/>\nal agua<\/span>"},"2":{"Display":"<span style=\"font-size:13px;\">Administr&oacute;<br \/>\nacceso a la<br \/>\nelectricidad<\/span>"},"3":{"Display":"<span style=\"font-size:13px;\">Administr&oacute;<br \/>\nacceso a<br \/>\nprogramas<br \/>\nde gobierno<\/span>"}},"AnswerOrder":["1","2","3"],"ChoiceDataExportTags":false,"QuestionID":"QID73","QuestionJS":"Qualtrics.SurveyEngine.addOnload(function()\n{\n\t\/*Place your JavaScript here to run when the page loads*\/\n\n});\n\nQualtrics.SurveyEngine.addOnReady(function()\n{\n\tjQuery('#Plug').attr('style', 'display:none !important');\n\n});\n\nQualtrics.SurveyEngine.addOnUnload(function()\n{\n\t\/*Place your JavaScript here to run when the page is unloaded*\/\n\n});"}},{"SurveyID":"SV_aVtxE1H9oBvttYy","Element":"SQ","PrimaryAttribute":"QID69","SecondaryAttribute":"Esta secci\u00f3n preguntara sobre diferentes bienes p\u00fablicos o sociales por parte de\u00a0${lm:\/\/Field\/1}.","TertiaryAttribute":null,"Payload":{"QuestionText":"<div>Esta secci\u00f3n preguntara sobre diferentes <strong>bienes p\u00fablicos o sociales<\/strong> por parte de&nbsp;<span style=\"font-weight: 700;\">${lm:\/\/Field\/1}.<\/span><\/div>","DefaultChoices":false,"DataExportTag":"WEL.0","QuestionID":"QID69","QuestionType":"DB","Selector":"TB","Configuration":{"QuestionDescriptionOption":"UseText"},"QuestionDescription":"Esta secci\u00f3n preguntara sobre diferentes bienes p\u00fablicos o sociales por parte de\u00a0${lm:\/\/Field\/1}.","ChoiceOrder":[],"Validation":{"Settings":{"Type":"None"}},"GradingData":[],"Language":[],"NextChoiceId":4,"NextAnswerId":1,"DataVisibility":{"Private":false,"Hidden":false},"QuestionJS":"Qualtrics.SurveyEngine.addOnload(function()\n{\n\t\/*Place your JavaScript here to run when the page loads*\/\n\n});\n\nQualtrics.SurveyEngine.addOnReady(function()\n{\n\tjQuery('#Plug').attr('style', 'display:none !important');\n\n});\n\nQualtrics.SurveyEngine.addOnUnload(function()\n{\n\t\/*Place your JavaScript here to run when the page is unloaded*\/\n\n});"}},{"SurveyID":"SV_aVtxE1H9oBvttYy","Element":"SQ","PrimaryAttribute":"QID66","SecondaryAttribute":"Esta secci\u00f3n preguntara sobre las actividades relacionadas a la provisi\u00f3n de seguridad por\u00a0...","TertiaryAttribute":null,"Payload":{"QuestionText":"<div>Esta secci\u00f3n preguntara sobre las actividades relacionadas a la <strong>provisi\u00f3n de seguridad <\/strong>por&nbsp;<span style=\"font-weight: 700;\">${lm:\/\/Field\/1}.<\/span><\/div>","DefaultChoices":false,"DataExportTag":"SEC.0","QuestionType":"DB","Selector":"TB","Configuration":{"QuestionDescriptionOption":"UseText"},"QuestionDescription":"Esta secci\u00f3n preguntara sobre las actividades relacionadas a la provisi\u00f3n de seguridad por\u00a0...","ChoiceOrder":[],"Validation":{"Settings":{"Type":"None"}},"GradingData":[],"Language":[],"NextChoiceId":4,"NextAnswerId":1,"QuestionID":"QID66","DataVisibility":{"Private":false,"Hidden":false},"QuestionJS":"Qualtrics.SurveyEngine.addOnload(function()\n{\n\t\/*Place your JavaScript here to run when the page loads*\/\n\n});\n\nQualtrics.SurveyEngine.addOnReady(function()\n{\n\tjQuery('#Plug').attr('style', 'display:none !important');\n\n});\n\nQualtrics.SurveyEngine.addOnUnload(function()\n{\n\t\/*Place your JavaScript here to run when the page is unloaded*\/\n\n});"}},{"SurveyID":"SV_aVtxE1H9oBvttYy","Element":"SQ","PrimaryAttribute":"QID67","SecondaryAttribute":"Esta secci\u00f3n preguntara sobre las actividades relacionadas al control social por\u00a0${lm:\/\/Field\/1}.","TertiaryAttribute":null,"Payload":{"QuestionText":"<div>Esta secci\u00f3n preguntara sobre las actividades relacionadas al<strong> control social<\/strong> por&nbsp;<span style=\"font-weight: 700;\">${lm:\/\/Field\/1}.<\/span><\/div>","DefaultChoices":false,"DataExportTag":"SOC.0","QuestionID":"QID67","QuestionType":"DB","Selector":"TB","Configuration":{"QuestionDescriptionOption":"UseText"},"QuestionDescription":"Esta secci\u00f3n preguntara sobre las actividades relacionadas al control social por\u00a0${lm:\/\/Field\/1}.","ChoiceOrder":[],"Validation":{"Settings":{"Type":"None"}},"GradingData":[],"Language":[],"NextChoiceId":4,"NextAnswerId":1,"DataVisibility":{"Private":false,"Hidden":false},"QuestionJS":"Qualtrics.SurveyEngine.addOnload(function()\n{\n\t\/*Place your JavaScript here to run when the page loads*\/\n\n});\n\nQualtrics.SurveyEngine.addOnReady(function()\n{\n\tjQuery('#Plug').attr('style', 'display:none !important');\n\n});\n\nQualtrics.SurveyEngine.addOnUnload(function()\n{\n\t\/*Place your JavaScript here to run when the page is unloaded*\/\n\n});"}},{"SurveyID":"SV_aVtxE1H9oBvttYy","Element":"SQ","PrimaryAttribute":"QID65","SecondaryAttribute":"Esta secci\u00f3n ser\u00e1 referente a la influencia pol\u00edtica\u00a0de\u00a0${lm:\/\/Field\/1}.","TertiaryAttribute":null,"Payload":{"QuestionText":"<div>Esta secci\u00f3n ser\u00e1 referente a la <strong>influencia pol\u00edtica&nbsp;<\/strong>de&nbsp;<span style=\"font-weight: 700;\">${lm:\/\/Field\/1}.<\/span><\/div>","DefaultChoices":false,"DataExportTag":"POL.0","QuestionType":"DB","Selector":"TB","Configuration":{"QuestionDescriptionOption":"UseText"},"QuestionDescription":"Esta secci\u00f3n ser\u00e1 referente a la influencia pol\u00edtica\u00a0de\u00a0${lm:\/\/Field\/1}.","ChoiceOrder":[],"Validation":{"Settings":{"Type":"None"}},"GradingData":[],"Language":[],"NextChoiceId":4,"NextAnswerId":1,"QuestionID":"QID65","DataVisibility":{"Private":false,"Hidden":false},"QuestionJS":"Qualtrics.SurveyEngine.addOnload(function()\n{\n\t\/*Place your JavaScript here to run when the page loads*\/\n\n});\n\nQualtrics.SurveyEngine.addOnReady(function()\n{\n\tjQuery('#Plug').attr('style', 'display:none !important');\n\n});\n\nQualtrics.SurveyEngine.addOnUnload(function()\n{\n\t\/*Place your JavaScript here to run when the page is unloaded*\/\n\n});"}},{"SurveyID":"SV_aVtxE1H9oBvttYy","Element":"SQ","PrimaryAttribute":"QID63","SecondaryAttribute":"Esta secci\u00f3n ser\u00e1 sobre acciones violentas por parte de ${lm:\/\/Field\/1}.","TertiaryAttribute":null,"Payload":{"QuestionText":"<div>Esta secci\u00f3n ser\u00e1 sobre acciones <strong>violentas <\/strong>por parte de <span style=\"font-weight: 700;\">${lm:\/\/Field\/1}.<\/span><\/div>","DefaultChoices":false,"DataExportTag":"VIOL.0b","QuestionType":"DB","Selector":"TB","Configuration":{"QuestionDescriptionOption":"UseText"},"QuestionDescription":"Esta secci\u00f3n ser\u00e1 sobre acciones violentas por parte de ${lm:\/\/Field\/1}.","ChoiceOrder":[],"Validation":{"Settings":{"Type":"None"}},"GradingData":[],"Language":[],"NextChoiceId":4,"NextAnswerId":1,"QuestionID":"QID63","DataVisibility":{"Private":false,"Hidden":false},"QuestionJS":"Qualtrics.SurveyEngine.addOnload(function()\n{\n\t\/*Place your JavaScript here to run when the page loads*\/\n\n});\n\nQualtrics.SurveyEngine.addOnReady(function()\n{\n\tjQuery('#Plug').attr('style', 'display:none !important');\n\n});\n\nQualtrics.SurveyEngine.addOnUnload(function()\n{\n\t\/*Place your JavaScript here to run when the page is unloaded*\/\n\n});"}},{"SurveyID":"SV_aVtxE1H9oBvttYy","Element":"SQ","PrimaryAttribute":"QID64","SecondaryAttribute":"Esta secci\u00f3n ser\u00e1 sobre las actividades econ\u00f3micas realizadas por ${lm:\/\/Field\/1}.","TertiaryAttribute":null,"Payload":{"QuestionText":"<div>Esta secci\u00f3n ser\u00e1 sobre las <strong>actividades econ\u00f3micas<\/strong> realizadas por <span style=\"font-weight: 700;\">${lm:\/\/Field\/1}.<\/span><\/div>","DefaultChoices":false,"DataExportTag":"ECO.0","QuestionType":"DB","Selector":"TB","Configuration":{"QuestionDescriptionOption":"UseText"},"QuestionDescription":"Esta secci\u00f3n ser\u00e1 sobre las actividades econ\u00f3micas realizadas por ${lm:\/\/Field\/1}.","ChoiceOrder":[],"Validation":{"Settings":{"Type":"None"}},"GradingData":[],"Language":[],"NextChoiceId":4,"NextAnswerId":1,"QuestionID":"QID64","DataVisibility":{"Private":false,"Hidden":false},"QuestionJS":"Qualtrics.SurveyEngine.addOnload(function()\n{\n\t\/*Place your JavaScript here to run when the page loads*\/\n\n});\n\nQualtrics.SurveyEngine.addOnReady(function()\n{\n\tjQuery('#Plug').attr('style', 'display:none !important');\n\n});\n\nQualtrics.SurveyEngine.addOnUnload(function()\n{\n\t\/*Place your JavaScript here to run when the page is unloaded*\/\n\n});"}},{"SurveyID":"SV_aVtxE1H9oBvttYy","Element":"SQ","PrimaryAttribute":"QID5","SecondaryAttribute":"Gracias por participar en esta investigaci\u00f3n. Esta encuesta le har\u00e1 preguntas relacionadas al con.","TertiaryAttribute":null,"Payload":{"QuestionText":"<p>Gracias por participar en esta investigaci\u00f3n.<\/p><p><br><\/p>\n\n<p>Esta encuesta le har\u00e1 preguntas relacionadas al control territorial de diferentes grupos armados en Colombia. Se le pedir\u00e1 identificar a grupos armados y las acciones violentas como no violentas que ejercen dentro del municipio de esta encuesta.&nbsp;<\/p><p><br><\/p>\n\n<p>Favor de dar click a la flecha para proceder con la encuesta en referencia al municipio de:&nbsp;<\/p>\n\n<p><o:p><\/o:p><\/p>\n\n<p>&nbsp;<\/p>\n\n<p>&nbsp;<\/p>","DefaultChoices":{"4":{"Selected":true}},"DataExportTag":"M.1","QuestionID":"QID5","QuestionType":"MC","Selector":"MAVR","SubSelector":"TX","DataVisibility":{"Private":false,"Hidden":false},"Configuration":{"QuestionDescriptionOption":"UseText"},"QuestionDescription":"Gracias por participar en esta investigaci\u00f3n. Esta encuesta le har\u00e1 preguntas relacionadas al con...","Choices":{"4":{"Display":"Paipa en Boyacá"}},"ChoiceOrder":["4"],"Validation":{"Settings":{"ForceResponse":"OFF","ForceResponseType":"ON","Type":"None"}},"GradingData":[],"Language":[],"NextChoiceId":18,"NextAnswerId":1,"QuestionJS":"Qualtrics.SurveyEngine.addOnload(function()\n{\n\t\/*Place your JavaScript here to run when the page loads*\/\n\n});\n\nQualtrics.SurveyEngine.addOnReady(function()\n{\n\tjQuery('#Plug').attr('style', 'display:none !important');\n\t\n});\n\nQualtrics.SurveyEngine.addOnUnload(function()\n{\n\t\/*Place your JavaScript here to run when the page is unloaded*\/\n\n});"}},{"SurveyID":"SV_aVtxE1H9oBvttYy","Element":"SQ","PrimaryAttribute":"QID75","SecondaryAttribute":"Ha terminado con la lista de actores seleccionados. Esta encuesta ha sido completada. \u00a0 \u00a1Muchas g.","TertiaryAttribute":null,"Payload":{"QuestionText":"<div style=\"text-align: center;\">Ha terminado con la lista de actores seleccionados.<br \/>\n<br \/>\nEsta encuesta ha sido completada.<\/div>\n\n<div style=\"text-align: center;\">&nbsp;<\/div>\n\n<div style=\"text-align: center;\"><strong>&iexcl;Muchas gracias&nbsp;por su participaci&oacute;n!<\/strong><\/div>","DefaultChoices":false,"DataExportTag":"END.2","QuestionType":"DB","Selector":"TB","Configuration":{"QuestionDescriptionOption":"UseText"},"QuestionDescription":"Ha terminado con la lista de actores seleccionados. Esta encuesta ha sido completada. \u00a0 \u00a1Muchas g...","ChoiceOrder":[],"Validation":{"Settings":{"Type":"None"}},"GradingData":[],"Language":[],"NextChoiceId":4,"NextAnswerId":1,"QuestionID":"QID75","DataVisibility":{"Private":false,"Hidden":false},"QuestionJS":"Qualtrics.SurveyEngine.addOnload(function()\n{\n\t\/*Place your JavaScript here to run when the page loads*\/\n\n});\n\nQualtrics.SurveyEngine.addOnReady(function()\n{\n\tjQuery('#Plug').attr('style', 'display:none !important');\n\n});\n\nQualtrics.SurveyEngine.addOnUnload(function()\n{\n\t\/*Place your JavaScript here to run when the page is unloaded*\/\n\n});"}},{"SurveyID":"SV_aVtxE1H9oBvttYy","Element":"SQ","PrimaryAttribute":"QID74","SecondaryAttribute":"Ha terminado las preguntas relacionadas a\u00a0${q:\/\/QID8\/ChoiceGroup\/SelectedChoices}. \u00a0 Ahora contin.","TertiaryAttribute":null,"Payload":{"QuestionText":"<div style=\"text-align: left;\">Ha terminado las preguntas relacionadas a&nbsp;<span style=\"font-weight: bolder; text-align: start;\">${q:\/\/QID8\/ChoiceGroup\/SelectedChoices}<\/span><span style=\"font-weight: 700;\">.<\/span><\/div>\n\n<div>&nbsp;<\/div>\n\n<div>Ahora continuaremos al siguiente actor seleccionado si a\u00fan quedan actores por revisar.&nbsp;<br>\n<br>\nValoramos su tiempo y apreciamos su colaboraci\u00f3n en el proyecto.<br>\n<br>\nSabemos que esta encuesta toma bastante tiempo.&nbsp;Si desea pausar for ahora, usted podr\u00e1 continuar llenando el cuestionario m\u00e1s tarde.&nbsp;<\/div><div><br><\/div><div>El sistema guardar\u00e1 autom\u00e1ticamente sus respuestas y le permitir\u00e1 continuar justo donde se qued\u00f3.&nbsp;<\/div>\n\n<div>&nbsp;<\/div>","DefaultChoices":false,"DataExportTag":"END.1","QuestionType":"DB","Selector":"TB","Configuration":{"QuestionDescriptionOption":"UseText"},"QuestionDescription":"Ha terminado las preguntas relacionadas a\u00a0${q:\/\/QID8\/ChoiceGroup\/SelectedChoices}. \u00a0 Ahora contin...","ChoiceOrder":[],"Validation":{"Settings":{"Type":"None"}},"GradingData":[],"Language":[],"NextChoiceId":4,"NextAnswerId":1,"QuestionID":"QID74","DataVisibility":{"Private":false,"Hidden":false},"QuestionJS":"Qualtrics.SurveyEngine.addOnload(function()\n{\n\t\/*Place your JavaScript here to run when the page loads*\/\n\n});\n\nQualtrics.SurveyEngine.addOnReady(function()\n{\n\tjQuery('#Plug').attr('style', 'display:none !important');\n\n});\n\nQualtrics.SurveyEngine.addOnUnload(function()\n{\n\t\/*Place your JavaScript here to run when the page is unloaded*\/\n\n});"}},{"SurveyID":"SV_aVtxE1H9oBvttYy","Element":"SQ","PrimaryAttribute":"QID93","SecondaryAttribute":"Instrucciones para responder preguntas de conflicto-cooperaci\u00f3n(Puede saltarse este video si ya l..","TertiaryAttribute":null,"Payload":{"QuestionText":"<div style=\"text-align: center;\">Instrucciones para responder preguntas de conflicto-cooperaci&oacute;n<br \/>\n<span style=\"color:#7f8c8d;\"><span style=\"font-size:11px;\">(Puede saltarse este video si ya lo vi&oacute;)<\/span><\/span><\/div>\n\n<div style=\"text-align: center;\"><br \/>\n<video class=\"qmedia\" controls=\"true\" height=\"220\" preload=\"auto\" width=\"300\"><source src=\"https:\/\/uarizona.co1.qualtrics.com\/CP\/File.php?F=F_b148G1XNaDLmJ82\" type=\"video\/mp4\" \/><embed align=\"middle\" autoplay=\"false\" bgcolor=\"white\" class=\"qmedia\" controller=\"true\" height=\"220\" pluginspage=\"http:\/\/www.apple.com\/quicktime\/download\/\" src=\"https:\/\/uarizona.co1.qualtrics.com\/CP\/File.php?F=F_b148G1XNaDLmJ82\" type=\"video\/quicktime\" width=\"300\" \/><\/video>\n<\/div>\n\n<div style=\"text-align: center;\">&nbsp;<\/div>","DefaultChoices":false,"DataExportTag":"video.4","QuestionType":"DB","Selector":"TB","DataVisibility":{"Private":false,"Hidden":false},"Configuration":{"QuestionDescriptionOption":"UseText"},"QuestionDescription":"Instrucciones para responder preguntas de conflicto-cooperaci\u00f3n(Puede saltarse este video si ya l...","ChoiceOrder":[],"Validation":{"Settings":{"Type":"None"}},"GradingData":[],"Language":[],"NextChoiceId":4,"NextAnswerId":1,"QuestionID":"QID93","QuestionJS":"Qualtrics.SurveyEngine.addOnload(function()\n{\n\t\/*Place your JavaScript here to run when the page loads*\/\n\n});\n\nQualtrics.SurveyEngine.addOnReady(function()\n{\n\tjQuery('#Plug').attr('style', 'display:none !important');\n\n});\n\nQualtrics.SurveyEngine.addOnUnload(function()\n{\n\t\/*Place your JavaScript here to run when the page is unloaded*\/\n\n});","DisplayLogic":{"0":{"0":{"LogicType":"LoopAndMerge","LeftOperand":"BL_9uHrl5fUlit5lch,1","RightOperand":"lm:\/\/CurrentLoop","Operator":"NotEqualTo","Type":"Expression","Description":"<span class=\"ConjDesc\">If<\/span> <span class=\"QuestionDesc\"><\/span> <span class=\"LeftOpDesc\">Loop 1: La Armada de la Rep\u00fablica de Col...<\/span> <span class=\"OpDesc\"><\/span> <span class=\"RightOpDesc\">Not Current Loop<\/span>"},"1":{"LogicType":"LoopAndMerge","LeftOperand":"BL_9uHrl5fUlit5lch,21","RightOperand":"lm:\/\/CurrentLoop","Operator":"NotEqualTo","Type":"Expression","Description":"<span class=\"ConjDesc\">And<\/span> <span class=\"QuestionDesc\"><\/span> <span class=\"LeftOpDesc\">Loop 21: El Ej\u00e9rcito Nacional de Colombi...<\/span> <span class=\"OpDesc\"><\/span> <span class=\"RightOpDesc\">Not Current Loop<\/span>","Conjuction":"And"},"2":{"LogicType":"LoopAndMerge","LeftOperand":"BL_9uHrl5fUlit5lch,22","RightOperand":"lm:\/\/CurrentLoop","Operator":"NotEqualTo","Type":"Expression","Description":"<span class=\"ConjDesc\">And<\/span> <span class=\"QuestionDesc\"><\/span> <span class=\"LeftOpDesc\">Loop 22: La Fuerza A\u00e9rea Colombiana, , ,...<\/span> <span class=\"OpDesc\"><\/span> <span class=\"RightOpDesc\">Not Current Loop<\/span>","Conjuction":"And"},"3":{"LogicType":"LoopAndMerge","LeftOperand":"BL_9uHrl5fUlit5lch,23","RightOperand":"lm:\/\/CurrentLoop","Operator":"NotEqualTo","Type":"Expression","Description":"<span class=\"ConjDesc\">And<\/span> <span class=\"QuestionDesc\"><\/span> <span class=\"LeftOpDesc\">Loop 23: La Polic\u00eda Nacional de Colombia...<\/span> <span class=\"OpDesc\"><\/span> <span class=\"RightOpDesc\">Not Current Loop<\/span>","Conjuction":"And"},"Type":"If"},"Type":"BooleanExpression","inPage":false}}},{"SurveyID":"SV_aVtxE1H9oBvttYy","Element":"SQ","PrimaryAttribute":"QID92","SecondaryAttribute":"Instrucciones para responder preguntas de verificaci\u00f3n de casilla(Puede saltarse este video si es..","TertiaryAttribute":null,"Payload":{"QuestionText":"<div style=\"text-align: center;\">Instrucciones para responder preguntas de verificaci&oacute;n de casilla<br \/>\n<span style=\"color: rgb(127, 140, 141); font-size: 11px;\">(Puede saltarse este video si es que ya lo vi&oacute;)<\/span><br \/>\n<br \/>\n<video class=\"qmedia\" controls=\"true\" height=\"220\" preload=\"auto\" width=\"300\"><source src=\"https:\/\/uarizona.co1.qualtrics.com\/CP\/File.php?F=F_1Tbcm2oRhXqSCSa\" type=\"video\/mp4\" \/><embed align=\"middle\" autoplay=\"false\" bgcolor=\"white\" class=\"qmedia\" controller=\"true\" height=\"220\" pluginspage=\"http:\/\/www.apple.com\/quicktime\/download\/\" src=\"https:\/\/uarizona.co1.qualtrics.com\/CP\/File.php?F=F_1Tbcm2oRhXqSCSa\" type=\"video\/quicktime\" width=\"300\" \/><\/video>\n<\/div>\n\n<div style=\"text-align: center;\">&nbsp;<\/div>","DefaultChoices":false,"DataExportTag":"video.3","QuestionType":"DB","Selector":"TB","DataVisibility":{"Private":false,"Hidden":false},"Configuration":{"QuestionDescriptionOption":"UseText"},"QuestionDescription":"Instrucciones para responder preguntas de verificaci\u00f3n de casilla(Puede saltarse este video si es...","ChoiceOrder":[],"Validation":{"Settings":{"Type":"None"}},"GradingData":[],"Language":[],"NextChoiceId":4,"NextAnswerId":1,"QuestionID":"QID92","QuestionJS":"Qualtrics.SurveyEngine.addOnload(function()\n{\n\t\/*Place your JavaScript here to run when the page loads*\/\n\n});\n\nQualtrics.SurveyEngine.addOnReady(function()\n{\n\tjQuery('#Plug').attr('style', 'display:none !important');\n\n});\n\nQualtrics.SurveyEngine.addOnUnload(function()\n{\n\t\/*Place your JavaScript here to run when the page is unloaded*\/\n\n});"}},{"SurveyID":"SV_aVtxE1H9oBvttYy","Element":"SQ","PrimaryAttribute":"QID88","SecondaryAttribute":"Instrucciones para responder preguntas sobre control territorial\u00a0(Puede saltarse este video si es..","TertiaryAttribute":null,"Payload":{"QuestionText":"<div style=\"text-align: center;\">Instrucciones para responder preguntas sobre control territorial<br \/>\n<span style=\"color:#7f8c8d;\"><span style=\"font-size:11px;\">&nbsp;(Puede saltarse este video si es que ya lo vi&oacute;)<\/span><\/span><br \/>\n<br \/>\n<video class=\"qmedia\" controls=\"true\" height=\"220\" preload=\"auto\" width=\"300\"><source src=\"https:\/\/uarizona.co1.qualtrics.com\/CP\/File.php?F=F_8CuKZPjPpzlqkMS\" type=\"video\/mp4\" \/><embed align=\"middle\" autoplay=\"false\" bgcolor=\"white\" class=\"qmedia\" controller=\"true\" height=\"220\" pluginspage=\"http:\/\/www.apple.com\/quicktime\/download\/\" src=\"https:\/\/uarizona.co1.qualtrics.com\/CP\/File.php?F=F_8CuKZPjPpzlqkMS\" type=\"video\/quicktime\" width=\"300\" \/><\/video>\n<\/div>","DefaultChoices":false,"DataExportTag":"video.2","QuestionID":"QID88","QuestionType":"DB","Selector":"TB","Configuration":{"QuestionDescriptionOption":"UseText"},"QuestionDescription":"Instrucciones para responder preguntas sobre control territorial\u00a0(Puede saltarse este video si es...","ChoiceOrder":[],"Validation":{"Settings":{"Type":"None"}},"GradingData":[],"Language":[],"NextChoiceId":4,"NextAnswerId":1,"QuestionJS":"Qualtrics.SurveyEngine.addOnload(function()\n{\n\t\/*Place your JavaScript here to run when the page loads*\/\n\n});\n\nQualtrics.SurveyEngine.addOnReady(function()\n{\n\t\tjQuery('#Plug').attr('style', 'display:none !important');\n\n});\n\nQualtrics.SurveyEngine.addOnUnload(function()\n{\n\t\/*Place your JavaScript here to run when the page is unloaded*\/\n\n});","DataVisibility":{"Private":false,"Hidden":false}}},{"SurveyID":"SV_aVtxE1H9oBvttYy","Element":"SQ","PrimaryAttribute":"QID81","SecondaryAttribute":"La relaci\u00f3n del estado con los grupos armados puede ser compleja. En ocasionas se enfrentan, pero..","TertiaryAttribute":null,"Payload":{"QuestionText":"<div>La relaci\u00f3n del estado con los grupos armados puede ser compleja. En ocasionas se enfrentan, pero tambi\u00e9n pueden tener una relaci\u00f3n de cooperaci\u00f3n con autoridades gubernamentales.<\/div><div><br><\/div><div>\nEsta secci\u00f3n preguntara sobre esta relaci\u00f3n de <strong>cooperaci\u00f3n o conflicto<\/strong> entre<strong> ${lm:\/\/Field\/1}<\/strong>&nbsp; y autoridades gubernamentales.<\/div>","DefaultChoices":false,"DataExportTag":"CC.1","QuestionID":"QID81","QuestionType":"DB","Selector":"TB","Configuration":{"QuestionDescriptionOption":"UseText"},"QuestionDescription":"La relaci\u00f3n del estado con los grupos armados puede ser compleja. En ocasionas se enfrentan, pero...","ChoiceOrder":[],"Validation":{"Settings":{"Type":"None"}},"GradingData":[],"Language":[],"NextChoiceId":4,"NextAnswerId":1,"DisplayLogic":{"0":{"0":{"Description":"<span class=\"ConjDesc\">If<\/span> <span class=\"QuestionDesc\"><\/span> <span class=\"LeftOpDesc\">Loop 1: Gov-1, , , , , , , , , , , , , ,...<\/span> <span class=\"OpDesc\"><\/span> <span class=\"RightOpDesc\">Not Current Loop<\/span>","LeftOperand":"BL_9uHrl5fUlit5lch,1","LogicType":"LoopAndMerge","Operator":"NotEqualTo","RightOperand":"lm:\/\/CurrentLoop","Type":"Expression"},"1":{"Conjuction":"And","Description":"<span class=\"ConjDesc\">And<\/span> <span class=\"QuestionDesc\"><\/span> <span class=\"LeftOpDesc\">Loop 21: Gov-2, , , , , , , , , , , , , ...<\/span> <span class=\"OpDesc\"><\/span> <span class=\"RightOpDesc\">Not Current Loop<\/span>","LeftOperand":"BL_9uHrl5fUlit5lch,21","LogicType":"LoopAndMerge","Operator":"NotEqualTo","RightOperand":"lm:\/\/CurrentLoop","Type":"Expression"},"2":{"Conjuction":"And","Description":"<span class=\"ConjDesc\">And<\/span> <span class=\"QuestionDesc\"><\/span> <span class=\"LeftOpDesc\">Loop 22: Gov-3, , , , , , , , , , , , , ...<\/span> <span class=\"OpDesc\"><\/span> <span class=\"RightOpDesc\">Not Current Loop<\/span>","LeftOperand":"BL_9uHrl5fUlit5lch,22","LogicType":"LoopAndMerge","Operator":"NotEqualTo","RightOperand":"lm:\/\/CurrentLoop","Type":"Expression"},"3":{"Conjuction":"And","Description":"<span class=\"ConjDesc\">And<\/span> <span class=\"QuestionDesc\"><\/span> <span class=\"LeftOpDesc\">Loop 23: Gov-4, , , , , , , , , , , , , ...<\/span> <span class=\"OpDesc\"><\/span> <span class=\"RightOpDesc\">Not Current Loop<\/span>","LeftOperand":"BL_9uHrl5fUlit5lch,23","LogicType":"LoopAndMerge","Operator":"NotEqualTo","RightOperand":"lm:\/\/CurrentLoop","Type":"Expression"},"Type":"If"},"Type":"BooleanExpression","inPage":false},"DataVisibility":{"Private":false,"Hidden":false},"QuestionJS":"Qualtrics.SurveyEngine.addOnload(function()\n{\n\t\/*Place your JavaScript here to run when the page loads*\/\n\n});\n\nQualtrics.SurveyEngine.addOnReady(function()\n{\n\tjQuery('#Plug').attr('style', 'display:none !important');\n\n});\n\nQualtrics.SurveyEngine.addOnUnload(function()\n{\n\t\/*Place your JavaScript here to run when the page is unloaded*\/\n\n});"}},{"SurveyID":"SV_aVtxE1H9oBvttYy","Element":"SQ","PrimaryAttribute":"QID62","SecondaryAttribute":"La siguiente pregunta le pedir\u00e1 que identifique los grupos armados presentes en el municipio de\u00a0$.","TertiaryAttribute":null,"Payload":{"QuestionText":"<p>La siguiente pregunta le pedir\u00e1 que identifique los grupos armados presentes en el municipio de&nbsp;<strong>${q:\/\/QID5\/ChoiceDescription\/4}<\/strong>&nbsp;entre los a\u00f1os 1990 y 2020.&nbsp;<br>\n&nbsp;<br>\nPara esta investigaci\u00f3n, la encuesta considera como grupos armados:<\/p>\n\n<ul>\n\t<li><strong>Fuerzas gubernamentales<\/strong><\/li>\n\t<li><strong>Grupos paramilitares<\/strong><\/li>\n\t<li><strong>Organizaciones insurgentes<\/strong><\/li>\n\t<li><strong>Organizaciones criminales<\/strong><\/li>\n<\/ul>\n\n<p><br>\nLas siguientes preguntas ser\u00e1n&nbsp;sobre actores espec\u00edficos&nbsp;dentro de estas categor\u00edas generales.<br>\n<span lang=\"ES-MX\"><o:p><\/o:p><\/span><\/p>","DefaultChoices":false,"DataExportTag":"ACT.1","QuestionType":"DB","Selector":"TB","Configuration":{"QuestionDescriptionOption":"UseText"},"QuestionDescription":"La siguiente pregunta le pedir\u00e1 que identifique los grupos armados presentes en el municipio de\u00a0$...","ChoiceOrder":[],"Validation":{"Settings":{"Type":"None"}},"GradingData":[],"Language":[],"NextChoiceId":4,"NextAnswerId":1,"QuestionID":"QID62","DataVisibility":{"Private":false,"Hidden":false},"QuestionJS":"Qualtrics.SurveyEngine.addOnload(function()\n{\n\t\/*Place your JavaScript here to run when the page loads*\/\n\n});\n\nQualtrics.SurveyEngine.addOnReady(function()\n{\n\tjQuery('#Plug').attr('style', 'display:none !important');\n\t\n});\n\nQualtrics.SurveyEngine.addOnUnload(function()\n{\n\t\/*Place your JavaScript here to run when the page is unloaded*\/\n\n});"}},{"SurveyID":"SV_aVtxE1H9oBvttYy","Element":"SQ","PrimaryAttribute":"QID86","SecondaryAttribute":"La siguiente secci\u00f3n le pedir\u00e1 identificar distintas posibles acciones de ${lm:\/\/Field\/1}\u00a0en el m","TertiaryAttribute":null,"Payload":{"QuestionText":"<div>La siguiente secci\u00f3n le pedir\u00e1 identificar distintas posibles acciones de <strong>${lm:\/\/Field\/1}&nbsp;<\/strong>en el municipio de&nbsp;<strong>${q:\/\/QID5\/ChoiceDescription\/4}<\/strong>&nbsp;durante los a\u00f1os seleccionados.&nbsp;<br>\n<br>\nSi necesita editar la selecci\u00f3n de a\u00f1os, por favor de dar click a la flecha de retorno y revisar su selecci\u00f3n.<\/div>","DefaultChoices":false,"DataExportTag":"VIOL.0a","QuestionType":"DB","Selector":"TB","Configuration":{"QuestionDescriptionOption":"UseText"},"QuestionDescription":"La siguiente secci\u00f3n le pedir\u00e1 identificar distintas posibles acciones de ${lm:\/\/Field\/1}\u00a0en el m...","ChoiceOrder":[],"Validation":{"Settings":{"Type":"None"}},"GradingData":[],"Language":[],"NextChoiceId":4,"NextAnswerId":1,"QuestionID":"QID86","DataVisibility":{"Private":false,"Hidden":false},"QuestionJS":"Qualtrics.SurveyEngine.addOnload(function()\n{\n\t\/*Place your JavaScript here to run when the page loads*\/\n\n});\n\nQualtrics.SurveyEngine.addOnReady(function()\n{\n\tjQuery('#Plug').attr('style', 'display:none !important');\n\n});\n\nQualtrics.SurveyEngine.addOnUnload(function()\n{\n\t\/*Place your JavaScript here to run when the page is unloaded*\/\n\n});"}},{"SurveyID":"SV_aVtxE1H9oBvttYy","Element":"SQ","PrimaryAttribute":"QID61","SecondaryAttribute":"La siguiente secci\u00f3n preguntar\u00e1 sobre el grado de control territorial que ha tenido cada grupo se.","TertiaryAttribute":null,"Payload":{"QuestionText":"<div>La siguiente secci\u00f3n preguntar\u00e1 sobre el grado de control territorial que ha tenido cada grupo seleccionado en el municipio de&nbsp;<strong>${q:\/\/QID5\/ChoiceDescription\/4}<\/strong>&nbsp;entre los a\u00f1os 1990 y 2020.<br>\n<br>\nSe define como&nbsp;<strong>Control Territorial <\/strong>la presencia de un actor armado en un municipio tomando en cuenta el alance de su control a lo largo del tiempo.<br>\n<br>\nEl alcance o grado de control territorial se puede ubicar en un continuo que var\u00eda de<strong> ausente a monopolio<\/strong>:&nbsp;&nbsp;<br>\n<br>\n0. <strong>Ausente<\/strong>: El grupo armado no est\u00e1 presente.<br>\n1. <strong>Espor\u00e1dico<\/strong>: El grupo armado tiene una presencia espor\u00e1dica. Puede que el grupo este&nbsp;emergiendo o se est\u00e9 debilitando.&nbsp;<br>\n2. <strong>Consolidado<\/strong>: El grupo armado est\u00e1 fuerte y activo, y es un rival considerable.&nbsp;<br>\n3. <strong>Dominante<\/strong>: El grupo armado domina sobre grupos m\u00e1s d\u00e9biles en el municipio.<br>\n4. <strong>Monopolio<\/strong>: El grupo armado tiene un control monop\u00f3lico sobre el territorio.&nbsp;<br>\n<br>\nCuando clasifique el grado de control territorial, por favor tenga en mente lo siguiente:\n<ul>\n\t<li>Varios grupos armados pueden coexistir en el mismo municipio.<\/li>\n\t<li>Diferentes grupos armados pueden controlar diferentes \u00e1reas dentro del mismo municipio.<\/li>\n\t<li>Actores en el mismo municipio pueden cooperar o estar en conflicto.<\/li>\n\t<li>Control territorial no necesariamente implica el uso de la violencia.\n\t<ul>\n\t\t<li>Actores armados pueden usar violencia intensa al entrar a un territorio.<\/li>\n\t\t<li>Actores armados pueden ejercer poca violencia cuando tienen un control monop\u00f3lico&nbsp;sobre el territorio.<\/li>\n\t<\/ul>\n\t<\/li>\n\t<li>El grado de control territorial puede variar a lo largo del tiempo.&nbsp;<\/li>\n<\/ul>\n<\/div>","DefaultChoices":false,"DataExportTag":"M1.TC.1","QuestionType":"DB","Selector":"TB","Configuration":{"QuestionDescriptionOption":"UseText"},"QuestionDescription":"La siguiente secci\u00f3n preguntar\u00e1 sobre el grado de control territorial que ha tenido cada grupo se...","ChoiceOrder":[],"Validation":{"Settings":{"Type":"None"}},"GradingData":[],"Language":[],"NextChoiceId":4,"NextAnswerId":1,"QuestionID":"QID61","DataVisibility":{"Private":false,"Hidden":false},"QuestionJS":"Qualtrics.SurveyEngine.addOnload(function()\n{\n\t\/*Place your JavaScript here to run when the page loads*\/\n\n});\n\nQualtrics.SurveyEngine.addOnReady(function()\n{\n\t\tjQuery('#Plug').attr('style', 'display:none !important');\n\n});\n\nQualtrics.SurveyEngine.addOnUnload(function()\n{\n\t\/*Place your JavaScript here to run when the page is unloaded*\/\n\n});"}},{"SurveyID":"SV_aVtxE1H9oBvttYy","Element":"SQ","PrimaryAttribute":"QID8","SecondaryAttribute":"Por favor seleccione cuales grupos tuvieron presencia en el municipio de\u00a0...","TertiaryAttribute":null,"Payload":{"QuestionText":"<p>Por favor seleccione cuales grupos tuvieron presencia en el municipio de&nbsp;<strong>${q:\/\/QID5\/ChoiceDescription\/4}<\/strong>&nbsp;entre los a&ntilde;os 1990 y 2020.&nbsp;<o:p><\/o:p><\/p>\n\n<p><span lang=\"ES-MX\" style=\"font-size:8.5pt;font-family:&quot;Helvetica&quot;,sans-serif;\nmso-fareast-font-family:&quot;Times New Roman&quot;;color:#7F8C8D;mso-ansi-language:ES-MX\">(Puede seleccionar m&aacute;s&nbsp;de una opci&oacute;n)<\/span><span lang=\"ES-MX\" style=\"font-size: 11.5pt; font-family: Helvetica, sans-serif;\"><o:p><\/o:p><\/span><\/p>","DataExportTag":"ACT.2","QuestionType":"MC","Selector":"MAVR","SubSelector":"TX","Configuration":{"QuestionDescriptionOption":"UseText"},"QuestionDescription":"Por favor seleccione cuales grupos tuvieron presencia en el municipio de\u00a0...","Choices":{"1":{"Display":"La Armada de la Rep\u00fablica de Colombia"},"21":{"Display":"El Ej\u00e9rcito Nacional de Colombia"},"22":{"Display":"La Fuerza A\u00e9rea Colombiana"},"23":{"Display":"La Polic\u00eda Nacional de Colombia"},"24":{"Display":"La Alianza Americana Anti-comunista (AAA)"},"25":{"Display":"Las Autodefensas Campesinas de Cordoba y Uraba (ACCU)"},"26":{"Display":"Las Autodefensas Campesinas del Magdalena Medio (ACMM)"},"27":{"Display":"Las Autodefensas Gaitanistas de Colombia (AGU)"},"28":{"Display":"Las Autodefensas Unidas de Colombia (AUC)"},"29":{"Display":"El Ej\u00e9rcito Revolucionario Popular Antiterrorista Colombiano (ERPAC)"},"30":{"Display":"Los Libertadores de Vichada"},"31":{"Display":"Grupos de Limpieza Social"},"32":{"Display":"Los Comandos Armados del Pueblo (CAP)"},"33":{"Display":"Los Comandos Ernesto Rojas (CER)"},"34":{"Display":"El Ej\u00e9rcito de Liberaci\u00f3n Nacional (ELN)"},"35":{"Display":"El Ej\u00e9rcito Popular de Liberaci\u00f3n (EPL)"},"36":{"Display":"El Ej\u00e9rcito Revolucionario del Pueblo (ERP)"},"37":{"Display":"El Ej\u00e9rcito Revolucionario Guevarista (ERG)"},"38":{"Display":"El Frente Ricardo Franco (FRF)"},"39":{"Display":"Las Fuerzas Armadas Revolucionarias de Colombia (FARC-EP)"},"40":{"Display":"Las Fuerzas Armadas Revolucionarias Ind\u00edgenas del Pacifico (FARIP)"},"41":{"Display":"Las Milicias populares"},"84":{"Display":"El Movimiento 19 de Abril (M19)"},"85":{"Display":"El Movimiento Armado Quint\u00edn Lame (MAQL)"},"86":{"Display":"El Movimiento Obrero Estudiantil Campesino (MOEC)"},"87":{"Display":"Otros Insurgentes","TextEntry":"true"},"88":{"Display":"Los 400"},"89":{"Display":"Las \u00c1guilas Negras"},"90":{"Display":"Las Bandas Criminales (BACRIM)"},"91":{"Display":"El Cartel de Medell\u00edn"},"92":{"Display":"El Cartel de Cali"},"93":{"Display":"El Cartel del Norte del Valle"},"94":{"Display":"Los Machos"},"95":{"Display":"Los Paisas"},"96":{"Display":"Los Pelusos - EPL"},"97":{"Display":"Los Rastrojos"},"98":{"Display":"Los Urabe\u00f1os"},"99":{"Display":"Otros Criminales","TextEntry":"true"}},"ChoiceOrder":["1","21","22","23","24","25","26","27","28","29","30","31","32","33","34","35","36","37","38","39","40","41","84","85","86","88","89","90","91","92","93","94","95","96","97","98","99","87"],"Validation":{"Settings":{"ForceResponse":"ON","ForceResponseType":"ON","Type":"None"}},"Language":[],"NextChoiceId":100,"NextAnswerId":1,"QuestionID":"QID8","DataVisibility":{"Private":false,"Hidden":false},"RecodeValues":{"1":"1","21":"2","22":"3","23":"4","24":"5","25":"6","26":"7","27":"8","28":"9","29":"10","30":"11","31":"12","32":"13","33":"14","34":"15","35":"16","36":"17","37":"18","38":"19","39":"20","40":"21","41":"22","84":"23","85":"24","86":"25","87":"26","88":"27","89":"28","90":"29","91":"30","92":"31","93":"32","94":"33","95":"34","96":"35","97":"36","98":"37","99":"38"},"QuestionJS":"Qualtrics.SurveyEngine.addOnload(function()\n{\n\t\/*Place your JavaScript here to run when the page loads*\/\n\n});\n\nQualtrics.SurveyEngine.addOnReady(function()\n{\n\t\tjQuery('#Plug').attr('style', 'display:none !important');\n\n});\n\nQualtrics.SurveyEngine.addOnUnload(function()\n{\n\t\/*Place your JavaScript here to run when the page is unloaded*\/\n\n});"}},{"SurveyID":"SV_aVtxE1H9oBvttYy","Element":"SQ","PrimaryAttribute":"QID95","SecondaryAttribute":"Video introductorio","TertiaryAttribute":null,"Payload":{"QuestionText":"<div style=\"text-align: center;\">Video introductorio<br \/>\n<br \/>\n<video class=\"qmedia\" controls=\"true\" height=\"170\" preload=\"auto\" width=\"300\"><source src=\"https:\/\/uarizona.co1.qualtrics.com\/CP\/File.php?F=F_3CMrYUrpUbQM2pg\" type=\"video\/mp4\" \/><embed align=\"middle\" autoplay=\"false\" bgcolor=\"white\" class=\"qmedia\" controller=\"true\" height=\"170\" pluginspage=\"http:\/\/www.apple.com\/quicktime\/download\/\" src=\"https:\/\/uarizona.co1.qualtrics.com\/CP\/File.php?F=F_3CMrYUrpUbQM2pg\" type=\"video\/quicktime\" width=\"300\" \/><\/video>\n<\/div>","DefaultChoices":false,"DataExportTag":"video.1","QuestionType":"DB","Selector":"TB","Configuration":{"QuestionDescriptionOption":"UseText"},"QuestionDescription":"Video introductorio","ChoiceOrder":[],"Validation":{"Settings":{"Type":"None"}},"GradingData":[],"Language":[],"NextChoiceId":4,"NextAnswerId":1,"QuestionID":"QID95","DataVisibility":{"Private":false,"Hidden":false},"QuestionJS":"Qualtrics.SurveyEngine.addOnload(function()\n{\n\t\/*Place your JavaScript here to run when the page loads*\/\n\n});\n\nQualtrics.SurveyEngine.addOnReady(function()\n{\n\tjQuery('#Plug').attr('style', 'display:none !important');\n\n});\n\nQualtrics.SurveyEngine.addOnUnload(function()\n{\n\t\/*Place your JavaScript here to run when the page is unloaded*\/\n\n});"}},{"SurveyID":"SV_aVtxE1H9oBvttYy","Element":"OCAC","PrimaryAttribute":"OCAC_O0FXVdEOuTF6rBf","SecondaryAttribute":"OC_2WBe9QOuFx5mWpG","TertiaryAttribute":"WebService","Payload":{"triggerAction":"WebService","requestType":"POST","contentType":"JSON","url":"https:\/\/armedgov.arizona.edu\/armedgov\/complete","keyValues":{"responseID":"${e:\/\/Field\/ResponseID}","sessionID":"${e:\/\/Field\/sessionID}","QURL":"${e:\/\/Field\/QURL}","recipientID":"${e:\/\/Field\/RecipientID}"},"headers":{"Content-Type":"application\/json"},"textPayload":"","pipedTextImports":{"url":[],"headers":[],"body":["${e:\/\/Field\/ResponseID}","${e:\/\/Field\/sessionID}","${e:\/\/Field\/QURL}","${e:\/\/Field\/RecipientID}"]},"currentPipedTextTestMappings":{"${e:\/\/Field\/ResponseID}":"","${e:\/\/Field\/sessionID}":"","${e:\/\/Field\/QURL}":"","${e:\/\/Field\/RecipientID}":""},"pipedTextConfig":[],"exports":[{"key":"headers","display_name":"Headers"},{"key":"statusCode","display_name":"Status Code"},{"key":"data","display_name":"Data"}],"exportMappings":[],"name":"No auth","summary":"POST https:\/\/armedgov.arizona.edu\/armedgov\/complete","customSaveHandler":true,"dependencies":[],"id":"PLUG_7b318b05-433e-4e0c-bef8-520ebe5a0c9a","taskRegistryId":"APP_42a7f4b6-bb84-4c66-94cc-e3e1208e62bf","actionId":"OCAC_O0FXVdEOuTF6rBf","icon":"https:\/\/www.xm-apps-static.com\/assets-stage\/v1\/APP_42a7f4b6-bb84-4c66-94cc-e3e1208e62bf\/1.0.1\/HkFThd8rahViMbKQ\/images\/logo-small.png","credentials":[],"contextId":"SV_aVtxE1H9oBvttYy","outcomeId":"OC_2WBe9QOuFx5mWpG","taskNumber":1,"ownerObject":{"orgId":"uarizona","userId":"UR_8FZGECVY2g6WVnv"},"elementConfigured":true,"replacementAppId":"APP_42a7f4b6-bb84-4c66-94cc-e3e1208e62bf","version":"2"}},{"SurveyID":"SV_aVtxE1H9oBvttYy","Element":"TR","PrimaryAttribute":"OC_2WBe9QOuFx5mWpG","SecondaryAttribute":null,"TertiaryAttribute":"OnSurveyResponse","Payload":{"Name":"Web Action Push","EventType":"OnSurveyResponse","Type":"OnSurveyComplete","LogicV2":{"type":"always","children":[]},"EventData":{"fields":[]},"eventContext":{"operations":["CREATE"]},"branches":[],"loops":[],"elementConfigured":true,"disabled":false,"TriggerAction":"Outcome","logicCompleted":true,"unconfigured":false}}]}